# THIS IS AN AUTOGENERATED FILE. DO NOT EDIT THIS FILE DIRECTLY.
# yarn lockfile v1


"@types/node@^12.11.7":
  version "12.20.52"
  resolved "https://registry.yarnpkg.com/@types/node/-/node-12.20.52.tgz#2fd2dc6bfa185601b15457398d4ba1ef27f81251"
  integrity sha512-cfkwWw72849SNYp3Zx0IcIs25vABmFh73xicxhCkTcvtZQeIez15PpwQN8fY3RD7gv1Wrxlc9MEtfMORZDEsGw==
