# THIS IS AN AUTOGENERATED FILE. DO NOT EDIT THIS FILE DIRECTLY.
# yarn lockfile v1


"@angular/animations@~4.1.3":
  version "4.1.3"
  resolved "https://registry.yarnpkg.com/@angular/animations/-/animations-4.1.3.tgz#6e89a1e0fbfd6d0e90be4f2ae190aac67f83a411"
  integrity sha1-bomh4Pv9bQ6Qvk8q4ZCqxn+DpBE=

"@angular/common@~4.1.3":
  version "4.1.3"
  resolved "https://registry.yarnpkg.com/@angular/common/-/common-4.1.3.tgz#e7c4791e32131cf74c239428c2a67daab2eef017"
  integrity sha1-58R5HjITHPdMI5QowqZ9qrLu8Bc=

"@angular/compiler@~4.1.3":
  version "4.1.3"
  resolved "https://registry.yarnpkg.com/@angular/compiler/-/compiler-4.1.3.tgz#d2dd30853b0cf4a54758b4a314632c231f9c94c3"
  integrity sha1-0t0whTsM9KVHWLSjFGMsIx+clMM=

"@angular/core@~4.1.3":
  version "4.1.3"
  resolved "https://registry.yarnpkg.com/@angular/core/-/core-4.1.3.tgz#285498eb86ab7d0b6f982f8f9f487ef610013b35"
  integrity sha1-KFSY64arfQtvmC+Pn0h+9hABOzU=

"@angular/forms@~4.1.3":
  version "4.1.3"
  resolved "https://registry.yarnpkg.com/@angular/forms/-/forms-4.1.3.tgz#380ab4c3af84c5d1d748c2a7d04151c7dc8e4982"
  integrity sha1-OAq0w6+ExdHXSMKn0EFRx9yOSYI=

"@angular/platform-browser-dynamic@~4.1.3":
  version "4.1.3"
  resolved "https://registry.yarnpkg.com/@angular/platform-browser-dynamic/-/platform-browser-dynamic-4.1.3.tgz#3c13fdcf591d487f6efdc1d46913f280c6d8c2ec"
  integrity sha1-PBP9z1kdSH9u/cHUaRPygMbYwuw=

"@angular/platform-browser@~4.1.3":
  version "4.1.3"
  resolved "https://registry.yarnpkg.com/@angular/platform-browser/-/platform-browser-4.1.3.tgz#4fa1db5119dd178b315ddae5b329bee1a932a5bd"
  integrity sha1-T6HbURndF4sxXdrlsym+4akypb0=

"@angular/router@~4.1.3":
  version "4.1.3"
  resolved "https://registry.yarnpkg.com/@angular/router/-/router-4.1.3.tgz#ddafd46ae7ccc8b1f74904ffb45f394e44625216"
  integrity sha1-3a/UaufMyLH3SQT/tF85TkRiUhY=

"@microsoft/applicationinsights-analytics-js@2.6.4":
  version "2.6.4"
  resolved "https://registry.yarnpkg.com/@microsoft/applicationinsights-analytics-js/-/applicationinsights-analytics-js-2.6.4.tgz#22ad17276ed922f2f0e66b7efe304f31c50ede64"
  integrity sha512-BHx3U6H4j3ddtl2wSJNt+kX2jG+qsvH4mNnimFJjZ4Mq9dheD3o6ghnBH8gQjIb5Up09JdyV5itsTZf1aC84Dg==
  dependencies:
    "@microsoft/applicationinsights-common" "2.6.4"
    "@microsoft/applicationinsights-core-js" "2.6.4"
    "@microsoft/applicationinsights-shims" "2.0.0"
    "@microsoft/dynamicproto-js" "^1.1.4"

"@microsoft/applicationinsights-channel-js@2.6.4":
  version "2.6.4"
  resolved "https://registry.yarnpkg.com/@microsoft/applicationinsights-channel-js/-/applicationinsights-channel-js-2.6.4.tgz#49c139e8d801835bfba25547cb57d030286dec8a"
  integrity sha512-ps9ZglUw8nzou9/CxmfRgHO7aGjhopu9YqsadbQL6yz/q8LSj1w30+ADa3gSMYCEEy8FQrDo5e5UebDEnX/w+A==
  dependencies:
    "@microsoft/applicationinsights-common" "2.6.4"
    "@microsoft/applicationinsights-core-js" "2.6.4"
    "@microsoft/applicationinsights-shims" "2.0.0"
    "@microsoft/dynamicproto-js" "^1.1.4"

"@microsoft/applicationinsights-common@2.6.4":
  version "2.6.4"
  resolved "https://registry.yarnpkg.com/@microsoft/applicationinsights-common/-/applicationinsights-common-2.6.4.tgz#c3a4129c727127271c93c7e23b86cf18fcb9e3a0"
  integrity sha512-/YLrKpxXL8zusjzu8GTYPuRrKw0OzUD4rLh8mxSlUZWK+SLOE/1loizJIesmd6OLgcgmOTrd1iZFVsuxn20b/g==
  dependencies:
    "@microsoft/applicationinsights-core-js" "2.6.4"
    "@microsoft/applicationinsights-shims" "2.0.0"
    "@microsoft/dynamicproto-js" "^1.1.4"

"@microsoft/applicationinsights-core-js@2.6.4":
  version "2.6.4"
  resolved "https://registry.yarnpkg.com/@microsoft/applicationinsights-core-js/-/applicationinsights-core-js-2.6.4.tgz#163caa31c02e72cfe02fc4abebd6bffd6b587de3"
  integrity sha512-rYxfJzl4aLXFGOLsRoJqyKj5qfhQTz1u/eXSo6N6gIIr/D+RCVNJZKVzeBh3xOOytm4UBGRshK0QFZJlIQL3Kw==
  dependencies:
    "@microsoft/applicationinsights-shims" "2.0.0"
    "@microsoft/dynamicproto-js" "^1.1.4"

"@microsoft/applicationinsights-dependencies-js@2.6.4":
  version "2.6.4"
  resolved "https://registry.yarnpkg.com/@microsoft/applicationinsights-dependencies-js/-/applicationinsights-dependencies-js-2.6.4.tgz#6d120965cdc3ef5798feac6bc729bc97d40a4bb5"
  integrity sha512-mJ/yTe00HPlUpQCmQWGhY3ronlkhsPgIYBWjxstN4NHRO4Qt17/ITxFoRa+r50J8Sf4ouc4qBoEFSVc56x80bg==
  dependencies:
    "@microsoft/applicationinsights-common" "2.6.4"
    "@microsoft/applicationinsights-core-js" "2.6.4"
    "@microsoft/applicationinsights-shims" "2.0.0"
    "@microsoft/dynamicproto-js" "^1.1.4"

"@microsoft/applicationinsights-properties-js@2.6.4":
  version "2.6.4"
  resolved "https://registry.yarnpkg.com/@microsoft/applicationinsights-properties-js/-/applicationinsights-properties-js-2.6.4.tgz#d779cd552277e6049b30efe71024a39bad5264e7"
  integrity sha512-SdIR3gVX46N0RdC0zV/pXKoCxwT+2+79ek6hVXvXa2o2I+JfgYEAxb1Q8flYNGEdlFd/Ge7BHcJLqFvjat1t4Q==
  dependencies:
    "@microsoft/applicationinsights-common" "2.6.4"
    "@microsoft/applicationinsights-core-js" "2.6.4"
    "@microsoft/applicationinsights-shims" "2.0.0"
    "@microsoft/dynamicproto-js" "^1.1.4"

"@microsoft/applicationinsights-shims@2.0.0":
  version "2.0.0"
  resolved "https://registry.yarnpkg.com/@microsoft/applicationinsights-shims/-/applicationinsights-shims-2.0.0.tgz#ee622588f14e58ae3c055b12431da8ed55d71991"
  integrity sha512-OaKew7f7acuNFgKYjMSPrRTRQi93xUyONWeeCeBlJSx7oRNJaL0TqbTvW6j5GHnSr3mhinPtAQ+rCQWASBnOrg==

"@microsoft/applicationinsights-web@^2.6.4":
  version "2.6.4"
  resolved "https://registry.yarnpkg.com/@microsoft/applicationinsights-web/-/applicationinsights-web-2.6.4.tgz#509069c798a4da2c2b2b494bb15eb328425d4e86"
  integrity sha512-/lBngt78Q7YNs8Llu1xz22f9oT5Rr2lo1QmSSSSKal30HL6kkzkP14J2E6+0+O5dRmyTDgOSiEePt6AhF8NFzg==
  dependencies:
    "@microsoft/applicationinsights-analytics-js" "2.6.4"
    "@microsoft/applicationinsights-channel-js" "2.6.4"
    "@microsoft/applicationinsights-common" "2.6.4"
    "@microsoft/applicationinsights-core-js" "2.6.4"
    "@microsoft/applicationinsights-dependencies-js" "2.6.4"
    "@microsoft/applicationinsights-properties-js" "2.6.4"
    "@microsoft/applicationinsights-shims" "2.0.0"
    "@microsoft/dynamicproto-js" "^1.1.4"

"@microsoft/dynamicproto-js@^1.1.4":
  version "1.1.4"
  resolved "https://registry.yarnpkg.com/@microsoft/dynamicproto-js/-/dynamicproto-js-1.1.4.tgz#40e1c0ad20743fcee1604a7df2c57faf0aa1af87"
  integrity sha512-Ot53G927ykMF8cQ3/zq4foZtdk+Tt1YpX7aUTHxBU7UHNdkEiBvBfZSq+rnlUmKCJ19VatwPG4mNzvcGpBj4og==

"@vscode/vscode-languagedetection@1.0.21":
  version "1.0.21"
  resolved "https://registry.yarnpkg.com/@vscode/vscode-languagedetection/-/vscode-languagedetection-1.0.21.tgz#89b48f293f6aa3341bb888c1118d16ff13b032d3"
  integrity sha512-zSUH9HYCw5qsCtd7b31yqkpaCU6jhtkKLkvOOA8yTrIRfBSOFb8PPhgmMicD7B/m+t4PwOJXzU1XDtrM9Fd3/g==

angular2-grid@2.0.6:
  version "2.0.6"
  resolved "https://registry.yarnpkg.com/angular2-grid/-/angular2-grid-2.0.6.tgz#01fe225dc13b2822370b6c61f9a6913b3a26f989"
  integrity sha1-Af4iXcE7KCI3C2xh+aaROzom+Yk=

ansi_up@^5.1.0:
  version "5.1.0"
  resolved "https://registry.yarnpkg.com/ansi_up/-/ansi_up-5.1.0.tgz#9cf10e6d359bb434bdcfab5ae4c3abfe1617b6db"
  integrity sha512-3wwu+nJCKBVBwOCurm0uv91lMoVkhFB+3qZQz3U11AmAdDJ4tkw1sNPWJQcVxMVYwe0pGEALOjSBOxdxNc+pNQ==

"azdataGraph@github:Microsoft/azdataGraph#0.0.42":
  version "0.0.42"
  resolved "https://codeload.github.com/Microsoft/azdataGraph/tar.gz/86f72ee9c9ea78a31c9ad2f402fb24d40e50c75b"

chart.js@^2.6.0, chart.js@^2.9.4:
  version "2.9.4"
  resolved "https://registry.yarnpkg.com/chart.js/-/chart.js-2.9.4.tgz#0827f9563faffb2dc5c06562f8eb10337d5b9684"
  integrity sha512-B07aAzxcrikjAPyV+01j7BmOpxtQETxTSlQ26BEYJ+3iUkbNKaOJ/nDbT6JjyqYxseM0ON12COHYdU2cTIjC7A==
  dependencies:
    chartjs-color "^2.1.0"
    moment "^2.10.2"

chartjs-color-string@^0.6.0:
  version "0.6.0"
  resolved "https://registry.yarnpkg.com/chartjs-color-string/-/chartjs-color-string-0.6.0.tgz#1df096621c0e70720a64f4135ea171d051402f71"
  integrity sha512-TIB5OKn1hPJvO7JcteW4WY/63v6KwEdt6udfnDE9iCAZgy+V4SrbSxoIbTw/xkUIapjEI4ExGtD0+6D3KyFd7A==
  dependencies:
    color-name "^1.0.0"

chartjs-color@^2.1.0:
  version "2.4.1"
  resolved "https://registry.yarnpkg.com/chartjs-color/-/chartjs-color-2.4.1.tgz#6118bba202fe1ea79dd7f7c0f9da93467296c3b0"
  integrity sha512-haqOg1+Yebys/Ts/9bLo/BqUcONQOdr/hoEr2LLTRl6C5LXctUdHxsCYfvQVg5JIxITrfCNUDr4ntqmQk9+/0w==
  dependencies:
    chartjs-color-string "^0.6.0"
    color-convert "^1.9.3"

color-convert@^1.9.3:
  version "1.9.3"
  resolved "https://registry.yarnpkg.com/color-convert/-/color-convert-1.9.3.tgz#bb71850690e1f136567de629d2d5471deda4c1e8"
  integrity sha512-QfAUtd+vFdAtFQcC8CCyYt1fYWxSqAiK2cSD6zDB8N3cpsEBAvRxp9zOGg6G/SHHJYAT88/az/IuDGALsNVbGg==
  dependencies:
    color-name "1.1.3"

color-name@1.1.3:
  version "1.1.3"
  resolved "https://registry.yarnpkg.com/color-name/-/color-name-1.1.3.tgz#a7d0558bd89c42f795dd42328f740831ca53bc25"
  integrity sha1-p9BVi9icQveV3UIyj3QIMcpTvCU=

color-name@^1.0.0:
  version "1.1.4"
  resolved "https://registry.yarnpkg.com/color-name/-/color-name-1.1.4.tgz#c2a09a87acbde69543de6f63fa3995c826c536a2"
  integrity sha512-dOy+3AuW3a2wNbZHIuMZpTcgjGuLU/uBL/ubcZF9OXbDo8ff4O8yVp5Bf0efS8uEoYo5q4Fx7dY9OgQGXgAsQA==

deepmerge@^4.2.2:
  version "4.2.2"
  resolved "https://registry.yarnpkg.com/deepmerge/-/deepmerge-4.2.2.tgz#44d2ea3679b8f4d4ffba33f03d865fc1e7bf4955"
  integrity sha512-FJ3UgI4gIl+PHZm53knsuSFpE+nESMr7M4v9QcgB7S63Kj/6WqMiFQJpBBYz1Pt+66bZpP3Q7Lye0Oo9MPKEdg==

dom-serializer@^1.0.1:
  version "1.4.1"
  resolved "https://registry.yarnpkg.com/dom-serializer/-/dom-serializer-1.4.1.tgz#de5d41b1aea290215dc45a6dae8adcf1d32e2d30"
  integrity sha512-VHwB3KfrcOOkelEG2ZOfxqLZdfkil8PtJi4P8N2MMXucZq2yLp75ClViUlOVwyoHEDjYU433Aq+5zWP61+RGag==
  dependencies:
    domelementtype "^2.0.1"
    domhandler "^4.2.0"
    entities "^2.0.0"

domelementtype@^2.0.1:
  version "2.0.1"
  resolved "https://registry.yarnpkg.com/domelementtype/-/domelementtype-2.0.1.tgz#1f8bdfe91f5a78063274e803b4bdcedf6e94f94d"
  integrity sha512-5HOHUDsYZWV8FGWN0Njbr/Rn7f/eWSQi1v7+HsUVwXgn8nWWlL64zKDkS0n8ZmQ3mlWOMuXOnR+7Nx/5tMO5AQ==

domelementtype@^2.2.0:
  version "2.3.0"
  resolved "https://registry.yarnpkg.com/domelementtype/-/domelementtype-2.3.0.tgz#5c45e8e869952626331d7aab326d01daf65d589d"
  integrity sha512-OLETBj6w0OsagBwdXnPdN0cnMfF9opN69co+7ZrbfPGrdpPVNBUj02spi6B1N7wChLQiPn4CSH/zJvXw56gmHw==

domhandler@^4.0.0, domhandler@^4.2.0:
  version "4.3.1"
  resolved "https://registry.yarnpkg.com/domhandler/-/domhandler-4.3.1.tgz#8d792033416f59d68bc03a5aa7b018c1ca89279c"
  integrity sha512-GrwoxYN+uWlzO8uhUXRl0P+kHE4GtVPfYzVLcUxPL7KNdHKj66vvlhiweIHqYYXWlw+T8iLMp42Lm67ghw4WMQ==
  dependencies:
    domelementtype "^2.2.0"

domino@^2.1.6:
  version "2.1.6"
  resolved "https://registry.yarnpkg.com/domino/-/domino-2.1.6.tgz#fe4ace4310526e5e7b9d12c7de01b7f485a57ffe"
  integrity sha512-3VdM/SXBZX2omc9JF9nOPCtDaYQ67BGp5CoLpIQlO2KCAPETs8TcDHacF26jXadGbvUteZzRTeos2fhID5+ucQ==

domutils@^2.5.2:
  version "2.8.0"
  resolved "https://registry.yarnpkg.com/domutils/-/domutils-2.8.0.tgz#4437def5db6e2d1f5d6ee859bd95ca7d02048135"
  integrity sha512-w96Cjofp72M5IIhpjgobBimYEfoPjx1Vx0BSX9P30WBdZW2WIKU0T1Bd0kz2eNZ9ikjKgHbEyKx8BB6H1L3h3A==
  dependencies:
    dom-serializer "^1.0.1"
    domelementtype "^2.2.0"
    domhandler "^4.2.0"

entities@^2.0.0:
  version "2.0.0"
  resolved "https://registry.yarnpkg.com/entities/-/entities-2.0.0.tgz#68d6084cab1b079767540d80e56a39b423e4abf4"
  integrity sha512-D9f7V0JSRwIxlRI2mjMqufDrRDnx8p+eEOz7aUM9SuvF8gsBzra0/6tbjl1m8eQHrZlYj6PxqE00hZ1SAIKPLw==

escape-string-regexp@^4.0.0:
  version "4.0.0"
  resolved "https://registry.yarnpkg.com/escape-string-regexp/-/escape-string-regexp-4.0.0.tgz#14ba83a5d373e3d311e5afca29cf5bfad965bf34"
  integrity sha512-TtpcNJ3XAzx3Gq8sWRzJaVajRs0uVxA2YAkdb1jm2YkPz4G6egUFAyA3n5vtEIZefPk5Wa4UXbKuS5fKkJWdgA==

gridstack@^3.1.3:
  version "3.3.0"
  resolved "https://registry.yarnpkg.com/gridstack/-/gridstack-3.3.0.tgz#e324de1acbe59b812293117783c398ca83e2d1ca"
  integrity sha512-xF8EF/CvUYRSaq0KRHA6ROHRuAxObqAVByBLyZfOPWOJBJTbg5GvPUj8HABEBYZWKxQeFkONcZwNflZLhHEi4g==

html-to-image@^1.6.2:
  version "1.7.0"
  resolved "https://registry.yarnpkg.com/html-to-image/-/html-to-image-1.7.0.tgz#4ca93bb90c0b9392edaafbfd5d94e8f0d666e18b"
  integrity sha512-6egK8mOXMw82nLjj5g3ohERuzrTglgR9+Q6A2cqa7UiuSSKHuFxpABZJSfZztj0EdLC6tAePZJAhjPr4bbU9tw==

htmlparser2@^6.0.0:
  version "6.1.0"
  resolved "https://registry.yarnpkg.com/htmlparser2/-/htmlparser2-6.1.0.tgz#c4d762b6c3371a05dbe65e94ae43a9f845fb8fb7"
  integrity sha512-gyyPk6rgonLFEDGoeRgQNaEUvdJ4ktTmmUh/h2t7s+M8oPpIPxgNACWa+6ESR57kXstwqPiCut0V8NRpcwgU7A==
  dependencies:
    domelementtype "^2.0.1"
    domhandler "^4.0.0"
    domutils "^2.5.2"
    entities "^2.0.0"

iconv-lite-umd@0.6.8:
  version "0.6.8"
  resolved "https://registry.yarnpkg.com/iconv-lite-umd/-/iconv-lite-umd-0.6.8.tgz#5ad310ec126b260621471a2d586f7f37b9958ec0"
  integrity sha512-zvXJ5gSwMC9JD3wDzH8CoZGc1pbiJn12Tqjk8BXYCnYz3hYL5GRjHW8LEykjXhV9WgNGI4rgpgHcbIiBfrRq6A==

is-plain-object@^5.0.0:
  version "5.0.0"
  resolved "https://registry.yarnpkg.com/is-plain-object/-/is-plain-object-5.0.0.tgz#4427f50ab3429e9025ea7d52e9043a9ef4159344"
  integrity sha512-VRSzKkbMm5jMDoKLbltAkFQ5Qr7VDiTFGXxYFXXowVj387GeGNOCsOH6Msy00SGZ3Fp84b1Naa1psqgcCIEP5Q==

jquery@3.5.0:
  version "3.5.0"
  resolved "https://registry.yarnpkg.com/jquery/-/jquery-3.5.0.tgz#9980b97d9e4194611c36530e7dc46a58d7340fc9"
  integrity sha512-Xb7SVYMvygPxbFMpTFQiHh1J7HClEaThguL15N/Gg37Lri/qKyhRGZYzHRyLH8Stq3Aow0LsHO2O2ci86fCrNQ==

jschardet@3.0.0:
  version "3.0.0"
  resolved "https://registry.yarnpkg.com/jschardet/-/jschardet-3.0.0.tgz#898d2332e45ebabbdb6bf2feece9feea9a99e882"
  integrity sha512-lJH6tJ77V8Nzd5QWRkFYCLc13a3vADkh3r/Fi8HupZGWk2OVVDfnZP8V/VgQgZ+lzW0kG2UGb5hFgt3V3ndotQ==

kburtram-query-plan@2.6.1:
  version "2.6.1"
  resolved "https://registry.yarnpkg.com/kburtram-query-plan/-/kburtram-query-plan-2.6.1.tgz#6b86128ec30c53694b53c4ee0e32d64350eb0c2c"
  integrity sha512-7Brjwp0YOCGug1cmfvcG8s1kN4MOwiLgOmKWS0+QSq5qCH9Bcv78vKAI7Pq1Ro6rTbpiTIRITsFKYrF4XTVlQw==

mark.js@^8.11.1:
  version "8.11.1"
  resolved "https://registry.yarnpkg.com/mark.js/-/mark.js-8.11.1.tgz#180f1f9ebef8b0e638e4166ad52db879beb2ffc5"
  integrity sha1-GA8fnr74sOY45BZq1S24eb6y/8U=

moment@^2.10.2:
  version "2.29.4"
  resolved "https://registry.yarnpkg.com/moment/-/moment-2.29.4.tgz#3dbe052889fe7c1b2ed966fcb3a77328964ef108"
  integrity sha512-5LC9SOxjSc2HF6vO2CyuTDNivEdoz2IvyJJGj6X8DJ0eFyfszE0QiEd+iXmBvUP3WHxSjFH/vIsA0EN00cgr8w==

nanoid@^3.3.4:
  version "3.3.4"
  resolved "https://registry.yarnpkg.com/nanoid/-/nanoid-3.3.4.tgz#730b67e3cd09e2deacf03c027c81c9d9dbc5e8ab"
  integrity sha512-MqBkQh/OHTS2egovRtLk45wEyNXwF+cokD+1YPf9u5VfJiRdAiRwB2froX5Co9Rh20xs4siNPm8naNotSD6RBw==

ng2-charts@^1.6.0:
  version "1.6.0"
  resolved "https://registry.yarnpkg.com/ng2-charts/-/ng2-charts-1.6.0.tgz#108a2133ff62a8623895240fadbddbea2951f29d"
  integrity sha512-9w0WH69x5/nuqC1og2WaY39NbaBqTGIP1+5gZaH7/KPN6UEPonNg/pYnsIVklLj1DWPWXKa8+XXIJZ1jy5nLxg==
  dependencies:
    chart.js "^2.6.0"

parse-srcset@^1.0.2:
  version "1.0.2"
  resolved "https://registry.yarnpkg.com/parse-srcset/-/parse-srcset-1.0.2.tgz#f2bd221f6cc970a938d88556abc589caaaa2bde1"
  integrity sha512-/2qh0lav6CmI15FzA3i/2Bzk2zCgQhGMkvhOhKNcBVQ1ldgpbfiNTVslmooUmWJcADi1f1kIeynbDRVzNlfR6Q==

picocolors@^1.0.0:
  version "1.0.0"
  resolved "https://registry.yarnpkg.com/picocolors/-/picocolors-1.0.0.tgz#cb5bdc74ff3f51892236eaf79d68bc44564ab81c"
  integrity sha512-1fygroTLlHu66zi26VoTDv8yRgm0Fccecssto+MhsZ0D/DGW2sm8E8AjW7NU5VVTRt5GxbeZ5qBuJr+HyLYkjQ==

plotly.js-dist-min@^1.53.0:
  version "1.58.4"
  resolved "https://registry.yarnpkg.com/plotly.js-dist-min/-/plotly.js-dist-min-1.58.4.tgz#6a5b9baf1988b6aca6b20804503e4d70f3085186"
  integrity sha512-9O3q1Wl5vL1diYwPE1AJQHtSBVqEGwUXCP+i6Xf6jA1iMFYUL4Rld5WCEcZXPtk/8owq6eqjQ78KEdxqRWHnfw==

postcss@^8.3.11:
  version "8.4.16"
  resolved "https://registry.yarnpkg.com/postcss/-/postcss-8.4.16.tgz#33a1d675fac39941f5f445db0de4db2b6e01d43c"
  integrity sha512-ipHE1XBvKzm5xI7hiHCZJCSugxvsdq2mPnsq5+UF+VHCjiBvtDrlxJfMBToWaP9D5XlgNmcFGqoHmUn0EYEaRQ==
  dependencies:
    nanoid "^3.3.4"
    picocolors "^1.0.0"
    source-map-js "^1.0.2"

reflect-metadata@^0.1.8:
  version "0.1.13"
  resolved "https://registry.yarnpkg.com/reflect-metadata/-/reflect-metadata-0.1.13.tgz#67ae3ca57c972a2aa1642b10fe363fe32d49dc08"
  integrity sha512-Ts1Y/anZELhSsjMcU605fU9RE4Oi3p5ORujwbIKXfWa+0Zxs510Qrmrce5/Jowq3cHSZSJqBjypxmHarc+vEWg==

rxjs@5.4.0:
  version "5.4.0"
  resolved "https://registry.yarnpkg.com/rxjs/-/rxjs-5.4.0.tgz#a7db14ab157f9d7aac6a56e655e7a3860d39bf26"
  integrity sha1-p9sUqxV/nXqsalbmVeejhg05vyY=
  dependencies:
    symbol-observable "^1.0.1"

sanitize-html@2.7.1:
  version "2.7.1"
  resolved "https://registry.yarnpkg.com/sanitize-html/-/sanitize-html-2.7.1.tgz#a6c2c1a88054a79eeacfac9b0a43f1b393476901"
  integrity sha512-oOpe8l4J8CaBk++2haoN5yNI5beekjuHv3JRPKUx/7h40Rdr85pemn4NkvUB3TcBP7yjat574sPlcMAyv4UQig==
  dependencies:
    deepmerge "^4.2.2"
    escape-string-regexp "^4.0.0"
    htmlparser2 "^6.0.0"
    is-plain-object "^5.0.0"
    parse-srcset "^1.0.2"
    postcss "^8.3.11"

semver-umd@^5.5.7:
  version "5.5.7"
  resolved "https://registry.yarnpkg.com/semver-umd/-/semver-umd-5.5.7.tgz#966beb5e96c7da6fbf09c3da14c2872d6836c528"
  integrity sha512-XgjPNlD0J6aIc8xoTN6GQGwWc2Xg0kq8NzrqMVuKG/4Arl6ab1F8+Am5Y/XKKCR+FceFr2yN/Uv5ZJBhRyRqKg==

"slickgrid@github:Microsoft/SlickGrid.ADS#2.3.36":
  version "2.3.36"
  resolved "https://codeload.github.com/Microsoft/SlickGrid.ADS/tar.gz/08f1ca3f6eb2cd1ea7f56e2af4b69600d48e1932"

source-map-js@^1.0.2:
  version "1.0.2"
  resolved "https://registry.yarnpkg.com/source-map-js/-/source-map-js-1.0.2.tgz#adbc361d9c62df380125e7f161f71c826f1e490c"
  integrity sha512-R0XvVJ9WusLiqTCEiGCmICCMplcCkIwwR11mOSD9CR5u+IXYdiseeEuXCVAjS54zqwkLcPNnmU4OeJ6tUrWhDw==

symbol-observable@^1.0.1:
  version "1.2.0"
  resolved "https://registry.yarnpkg.com/symbol-observable/-/symbol-observable-1.2.0.tgz#c22688aed4eab3cdc2dfeacbb561660560a00804"
  integrity sha512-e900nM8RRtGhlV36KGEU9k65K3mPb1WV70OdjfxlG2EAuM1noi/E/BaW/uMhL7bPEssK8QV57vN3esixjUvcXQ==

tas-client-umd@0.1.4:
  version "0.1.4"
  resolved "https://registry.yarnpkg.com/tas-client-umd/-/tas-client-umd-0.1.4.tgz#49db4130dd63a8342fabf77185a740fc6a7bea80"
  integrity sha512-1hFqJeLD3ryNikniIaO7TItlXhS5vx7bJ+wbPDf8o+IifgwwOWK2ARisdEM9SnJd0ccfcwNPG6Po+RiKn5L2hg==

turndown-plugin-gfm@^1.0.2:
  version "1.0.2"
  resolved "https://registry.yarnpkg.com/turndown-plugin-gfm/-/turndown-plugin-gfm-1.0.2.tgz#6f8678a361f35220b2bdf5619e6049add75bf1c7"
  integrity sha512-vwz9tfvF7XN/jE0dGoBei3FXWuvll78ohzCZQuOb+ZjWrs3a0XhQVomJEb2Qh4VHTPNRO4GPZh0V7VRbiWwkRg==

turndown@^7.0.0:
  version "7.0.0"
  resolved "https://registry.yarnpkg.com/turndown/-/turndown-7.0.0.tgz#19b2a6a2d1d700387a1e07665414e4af4fec5225"
  integrity sha512-G1FfxfR0mUNMeGjszLYl3kxtopC4O9DRRiMlMDDVHvU1jaBkGFg4qxIyjIk2aiKLHyDyZvZyu4qBO2guuYBy3Q==
  dependencies:
    domino "^2.1.6"

vscode-oniguruma@1.5.1:
  version "1.5.1"
  resolved "https://registry.yarnpkg.com/vscode-oniguruma/-/vscode-oniguruma-1.5.1.tgz#9ca10cd3ada128bd6380344ea28844243d11f695"
  integrity sha512-JrBZH8DCC262TEYcYdeyZusiETu0Vli0xFgdRwNJjDcObcRjbmJP+IFcA3ScBwIXwgFHYKbAgfxtM/Cl+3Spjw==

vscode-textmate@5.4.1:
  version "5.4.1"
  resolved "https://registry.yarnpkg.com/vscode-textmate/-/vscode-textmate-5.4.1.tgz#09d566724fc76b60b3ad9791eebf1f0b50f29e5a"
  integrity sha512-4CvPHmfuZQaXrcCpathdh6jo7myuR+MU8BvscgQADuponpbqfmu2rwTOtCXhGwwEgStvJF8V4s9FwMKRVLNmKQ==

xterm-addon-search@0.9.0-beta.5:
  version "0.9.0-beta.5"
  resolved "https://registry.yarnpkg.com/xterm-addon-search/-/xterm-addon-search-0.9.0-beta.5.tgz#e0e60a203d1c9d6c8af933648a46865dba299302"
  integrity sha512-ylfqim0ISBvuuX83LQwgu/06p5GC545QsAo9SssXw03TPpIrcd0zwaVMEnhOftSIzM9EKRRsyx3GbBjgUdiF5w==

xterm-addon-unicode11@0.3.0:
  version "0.3.0"
  resolved "https://registry.yarnpkg.com/xterm-addon-unicode11/-/xterm-addon-unicode11-0.3.0.tgz#e4435c3c91a5294a7eb8b79c380acbb28a659463"
  integrity sha512-x5fHDZT2j9tlTlHnzPHt++9uKZ2kJ/lYQOj3L6xJA22xoJsS8UQRw/5YIFg2FUHqEAbV77Z1fZij/9NycMSH/A==

xterm-addon-webgl@0.12.0-beta.15:
  version "0.12.0-beta.15"
  resolved "https://registry.yarnpkg.com/xterm-addon-webgl/-/xterm-addon-webgl-0.12.0-beta.15.tgz#9ae82127f2a39b3cb7f5ae45a6af223810c933d4"
  integrity sha512-LWZ3iLspQOCc26OoT8qa+SuyuIcn2cAMRbBkinOuQCk4aW5kjovIrGovj9yVAcXNvOBnPm3sUqmnwGlN579kDA==

xterm@4.15.0-beta.10:
  version "4.15.0-beta.10"
  resolved "https://registry.yarnpkg.com/xterm/-/xterm-4.15.0-beta.10.tgz#8cda3d7885e8345f2fc6cf9275a43f3833d29acf"
  integrity sha512-valoh5ZcY/y7Pe+ffgcSAEFeuZfjzVeUUXcthdxTTsrGEiU1s4QR2EOg4U5jn5wye/Nc6mSfLW3s79R6Ac186w==
