# THIS IS AN AUTOGENERATED FILE. DO NOT EDIT THIS FILE DIRECTLY.
# yarn lockfile v1


"@angular/animations@~4.1.3":
  version "4.1.3"
  resolved "https://registry.yarnpkg.com/@angular/animations/-/animations-4.1.3.tgz#6e89a1e0fbfd6d0e90be4f2ae190aac67f83a411"
  integrity sha1-bomh4Pv9bQ6Qvk8q4ZCqxn+DpBE=

"@angular/common@~4.1.3":
  version "4.1.3"
  resolved "https://registry.yarnpkg.com/@angular/common/-/common-4.1.3.tgz#e7c4791e32131cf74c239428c2a67daab2eef017"
  integrity sha1-58R5HjITHPdMI5QowqZ9qrLu8Bc=

"@angular/compiler@~4.1.3":
  version "4.1.3"
  resolved "https://registry.yarnpkg.com/@angular/compiler/-/compiler-4.1.3.tgz#d2dd30853b0cf4a54758b4a314632c231f9c94c3"
  integrity sha1-0t0whTsM9KVHWLSjFGMsIx+clMM=

"@angular/core@~4.1.3":
  version "4.1.3"
  resolved "https://registry.yarnpkg.com/@angular/core/-/core-4.1.3.tgz#285498eb86ab7d0b6f982f8f9f487ef610013b35"
  integrity sha1-KFSY64arfQtvmC+Pn0h+9hABOzU=

"@angular/forms@~4.1.3":
  version "4.1.3"
  resolved "https://registry.yarnpkg.com/@angular/forms/-/forms-4.1.3.tgz#380ab4c3af84c5d1d748c2a7d04151c7dc8e4982"
  integrity sha1-OAq0w6+ExdHXSMKn0EFRx9yOSYI=

"@angular/platform-browser-dynamic@~4.1.3":
  version "4.1.3"
  resolved "https://registry.yarnpkg.com/@angular/platform-browser-dynamic/-/platform-browser-dynamic-4.1.3.tgz#3c13fdcf591d487f6efdc1d46913f280c6d8c2ec"
  integrity sha1-PBP9z1kdSH9u/cHUaRPygMbYwuw=

"@angular/platform-browser@~4.1.3":
  version "4.1.3"
  resolved "https://registry.yarnpkg.com/@angular/platform-browser/-/platform-browser-4.1.3.tgz#4fa1db5119dd178b315ddae5b329bee1a932a5bd"
  integrity sha1-T6HbURndF4sxXdrlsym+4akypb0=

"@angular/router@~4.1.3":
  version "4.1.3"
  resolved "https://registry.yarnpkg.com/@angular/router/-/router-4.1.3.tgz#ddafd46ae7ccc8b1f74904ffb45f394e44625216"
  integrity sha1-3a/UaufMyLH3SQT/tF85TkRiUhY=

angular2-grid@2.0.6:
  version "2.0.6"
  resolved "https://registry.yarnpkg.com/angular2-grid/-/angular2-grid-2.0.6.tgz#01fe225dc13b2822370b6c61f9a6913b3a26f989"
  integrity sha1-Af4iXcE7KCI3C2xh+aaROzom+Yk=

ansi_up@^3.0.0:
  version "3.0.0"
  resolved "https://registry.yarnpkg.com/ansi_up/-/ansi_up-3.0.0.tgz#27f45d8f457d9ceff59e4ea03c8e6f13c1a303e8"
  integrity sha1-J/Rdj0V9nO/1nk6gPI5vE8GjA+g=

chart.js@^2.6.0, chart.js@^2.9.4:
  version "2.9.4"
  resolved "https://registry.yarnpkg.com/chart.js/-/chart.js-2.9.4.tgz#0827f9563faffb2dc5c06562f8eb10337d5b9684"
  integrity sha512-B07aAzxcrikjAPyV+01j7BmOpxtQETxTSlQ26BEYJ+3iUkbNKaOJ/nDbT6JjyqYxseM0ON12COHYdU2cTIjC7A==
  dependencies:
    chartjs-color "^2.1.0"
    moment "^2.10.2"

chartjs-color-string@^0.6.0:
  version "0.6.0"
  resolved "https://registry.yarnpkg.com/chartjs-color-string/-/chartjs-color-string-0.6.0.tgz#1df096621c0e70720a64f4135ea171d051402f71"
  integrity sha512-TIB5OKn1hPJvO7JcteW4WY/63v6KwEdt6udfnDE9iCAZgy+V4SrbSxoIbTw/xkUIapjEI4ExGtD0+6D3KyFd7A==
  dependencies:
    color-name "^1.0.0"

chartjs-color@^2.1.0:
  version "2.4.1"
  resolved "https://registry.yarnpkg.com/chartjs-color/-/chartjs-color-2.4.1.tgz#6118bba202fe1ea79dd7f7c0f9da93467296c3b0"
  integrity sha512-haqOg1+Yebys/Ts/9bLo/BqUcONQOdr/hoEr2LLTRl6C5LXctUdHxsCYfvQVg5JIxITrfCNUDr4ntqmQk9+/0w==
  dependencies:
    chartjs-color-string "^0.6.0"
    color-convert "^1.9.3"

color-convert@^1.9.3:
  version "1.9.3"
  resolved "https://registry.yarnpkg.com/color-convert/-/color-convert-1.9.3.tgz#bb71850690e1f136567de629d2d5471deda4c1e8"
  integrity sha512-QfAUtd+vFdAtFQcC8CCyYt1fYWxSqAiK2cSD6zDB8N3cpsEBAvRxp9zOGg6G/SHHJYAT88/az/IuDGALsNVbGg==
  dependencies:
    color-name "1.1.3"

color-name@1.1.3:
  version "1.1.3"
  resolved "https://registry.yarnpkg.com/color-name/-/color-name-1.1.3.tgz#a7d0558bd89c42f795dd42328f740831ca53bc25"
  integrity sha1-p9BVi9icQveV3UIyj3QIMcpTvCU=

color-name@^1.0.0:
  version "1.1.4"
  resolved "https://registry.yarnpkg.com/color-name/-/color-name-1.1.4.tgz#c2a09a87acbde69543de6f63fa3995c826c536a2"
  integrity sha512-dOy+3AuW3a2wNbZHIuMZpTcgjGuLU/uBL/ubcZF9OXbDo8ff4O8yVp5Bf0efS8uEoYo5q4Fx7dY9OgQGXgAsQA==

colorette@^1.2.2:
  version "1.2.2"
  resolved "https://registry.yarnpkg.com/colorette/-/colorette-1.2.2.tgz#cbcc79d5e99caea2dbf10eb3a26fd8b3e6acfa94"
  integrity sha512-MKGMzyfeuutC/ZJ1cba9NqcNpfeqMUcYmyF1ZFY6/Cn7CNSAKx6a+s48sqLqyAiZuaP2TcqMhoo+dlwFnVxT9w==

deepmerge@^4.2.2:
  version "4.2.2"
  resolved "https://registry.yarnpkg.com/deepmerge/-/deepmerge-4.2.2.tgz#44d2ea3679b8f4d4ffba33f03d865fc1e7bf4955"
  integrity sha512-FJ3UgI4gIl+PHZm53knsuSFpE+nESMr7M4v9QcgB7S63Kj/6WqMiFQJpBBYz1Pt+66bZpP3Q7Lye0Oo9MPKEdg==

dom-serializer@^1.0.1:
  version "1.3.2"
  resolved "https://registry.yarnpkg.com/dom-serializer/-/dom-serializer-1.3.2.tgz#6206437d32ceefaec7161803230c7a20bc1b4d91"
  integrity sha512-5c54Bk5Dw4qAxNOI1pFEizPSjVsx5+bpJKmL2kPn8JhBUq2q09tTCa3mjijun2NfK78NMouDYNMBkOrPZiS+ig==
  dependencies:
    domelementtype "^2.0.1"
    domhandler "^4.2.0"
    entities "^2.0.0"

domelementtype@^2.0.1:
  version "2.0.1"
  resolved "https://registry.yarnpkg.com/domelementtype/-/domelementtype-2.0.1.tgz#1f8bdfe91f5a78063274e803b4bdcedf6e94f94d"
  integrity sha512-5HOHUDsYZWV8FGWN0Njbr/Rn7f/eWSQi1v7+HsUVwXgn8nWWlL64zKDkS0n8ZmQ3mlWOMuXOnR+7Nx/5tMO5AQ==

domelementtype@^2.2.0:
  version "2.2.0"
  resolved "https://registry.yarnpkg.com/domelementtype/-/domelementtype-2.2.0.tgz#9a0b6c2782ed6a1c7323d42267183df9bd8b1d57"
  integrity sha512-DtBMo82pv1dFtUmHyr48beiuq792Sxohr+8Hm9zoxklYPfa6n0Z3Byjj2IV7bmr2IyqClnqEQhfgHJJ5QF0R5A==

domhandler@^4.0.0, domhandler@^4.2.0:
  version "4.2.0"
  resolved "https://registry.yarnpkg.com/domhandler/-/domhandler-4.2.0.tgz#f9768a5f034be60a89a27c2e4d0f74eba0d8b059"
  integrity sha512-zk7sgt970kzPks2Bf+dwT/PLzghLnsivb9CcxkvR8Mzr66Olr0Ofd8neSbglHJHaHa2MadfoSdNlKYAaafmWfA==
  dependencies:
    domelementtype "^2.2.0"

domino@^2.1.6:
  version "2.1.6"
  resolved "https://registry.yarnpkg.com/domino/-/domino-2.1.6.tgz#fe4ace4310526e5e7b9d12c7de01b7f485a57ffe"
  integrity sha512-3VdM/SXBZX2omc9JF9nOPCtDaYQ67BGp5CoLpIQlO2KCAPETs8TcDHacF26jXadGbvUteZzRTeos2fhID5+ucQ==

domutils@^2.5.2:
  version "2.7.0"
  resolved "https://registry.yarnpkg.com/domutils/-/domutils-2.7.0.tgz#8ebaf0c41ebafcf55b0b72ec31c56323712c5442"
  integrity sha512-8eaHa17IwJUPAiB+SoTYBo5mCdeMgdcAoXJ59m6DT1vw+5iLS3gNoqYaRowaBKtGVrOF1Jz4yDTgYKLK2kvfJg==
  dependencies:
    dom-serializer "^1.0.1"
    domelementtype "^2.2.0"
    domhandler "^4.2.0"

entities@^2.0.0:
  version "2.0.0"
  resolved "https://registry.yarnpkg.com/entities/-/entities-2.0.0.tgz#68d6084cab1b079767540d80e56a39b423e4abf4"
  integrity sha512-D9f7V0JSRwIxlRI2mjMqufDrRDnx8p+eEOz7aUM9SuvF8gsBzra0/6tbjl1m8eQHrZlYj6PxqE00hZ1SAIKPLw==

escape-string-regexp@^4.0.0:
  version "4.0.0"
  resolved "https://registry.yarnpkg.com/escape-string-regexp/-/escape-string-regexp-4.0.0.tgz#14ba83a5d373e3d311e5afca29cf5bfad965bf34"
  integrity sha512-TtpcNJ3XAzx3Gq8sWRzJaVajRs0uVxA2YAkdb1jm2YkPz4G6egUFAyA3n5vtEIZefPk5Wa4UXbKuS5fKkJWdgA==

gridstack@^3.1.3:
  version "3.3.0"
  resolved "https://registry.yarnpkg.com/gridstack/-/gridstack-3.3.0.tgz#e324de1acbe59b812293117783c398ca83e2d1ca"
  integrity sha512-xF8EF/CvUYRSaq0KRHA6ROHRuAxObqAVByBLyZfOPWOJBJTbg5GvPUj8HABEBYZWKxQeFkONcZwNflZLhHEi4g==

gridstack@^3.1.3:
  version "3.3.0"
  resolved "https://registry.yarnpkg.com/gridstack/-/gridstack-3.3.0.tgz#e324de1acbe59b812293117783c398ca83e2d1ca"
  integrity sha512-xF8EF/CvUYRSaq0KRHA6ROHRuAxObqAVByBLyZfOPWOJBJTbg5GvPUj8HABEBYZWKxQeFkONcZwNflZLhHEi4g==

has-flag@^3.0.0:
  version "3.0.0"
  resolved "https://registry.yarnpkg.com/has-flag/-/has-flag-3.0.0.tgz#b5d454dc2199ae225699f3467e5a07f3b955bafd"
  integrity sha1-tdRU3CGZriJWmfNGfloH87lVuv0=

"html-query-plan@git://github.com/kburtram/html-query-plan.git#2.6":
  version "2.5.0"
  resolved "git://github.com/kburtram/html-query-plan.git#c524feb824e4960897ad875a37af068376a2b4a3"

htmlparser2@^6.0.0:
  version "6.1.0"
  resolved "https://registry.yarnpkg.com/htmlparser2/-/htmlparser2-6.1.0.tgz#c4d762b6c3371a05dbe65e94ae43a9f845fb8fb7"
  integrity sha512-gyyPk6rgonLFEDGoeRgQNaEUvdJ4ktTmmUh/h2t7s+M8oPpIPxgNACWa+6ESR57kXstwqPiCut0V8NRpcwgU7A==
  dependencies:
    domelementtype "^2.0.1"
    domhandler "^4.0.0"
    domutils "^2.5.2"
    entities "^2.0.0"

iconv-lite-umd@0.6.8:
  version "0.6.8"
  resolved "https://registry.yarnpkg.com/iconv-lite-umd/-/iconv-lite-umd-0.6.8.tgz#5ad310ec126b260621471a2d586f7f37b9958ec0"
  integrity sha512-zvXJ5gSwMC9JD3wDzH8CoZGc1pbiJn12Tqjk8BXYCnYz3hYL5GRjHW8LEykjXhV9WgNGI4rgpgHcbIiBfrRq6A==

is-plain-object@^5.0.0:
  version "5.0.0"
  resolved "https://registry.yarnpkg.com/is-plain-object/-/is-plain-object-5.0.0.tgz#4427f50ab3429e9025ea7d52e9043a9ef4159344"
  integrity sha512-VRSzKkbMm5jMDoKLbltAkFQ5Qr7VDiTFGXxYFXXowVj387GeGNOCsOH6Msy00SGZ3Fp84b1Naa1psqgcCIEP5Q==

jquery@3.5.0:
  version "3.5.0"
  resolved "https://registry.yarnpkg.com/jquery/-/jquery-3.5.0.tgz#9980b97d9e4194611c36530e7dc46a58d7340fc9"
  integrity sha512-Xb7SVYMvygPxbFMpTFQiHh1J7HClEaThguL15N/Gg37Lri/qKyhRGZYzHRyLH8Stq3Aow0LsHO2O2ci86fCrNQ==

jschardet@2.2.1:
  version "2.2.1"
  resolved "https://registry.yarnpkg.com/jschardet/-/jschardet-2.2.1.tgz#03b0264669a90c7a5c436a68c5a7d4e4cb0c9823"
  integrity sha512-Ks2JNuUJoc7PGaZ7bVFtSEvOcr0rBq6Q1J5/7+zKWLT+g+4zziL63O0jg7y2jxhzIa1LVsHUbPXrbaWmz9iwDw==

klona@^2.0.3:
  version "2.0.4"
  resolved "https://registry.yarnpkg.com/klona/-/klona-2.0.4.tgz#7bb1e3affb0cb8624547ef7e8f6708ea2e39dfc0"
  integrity sha512-ZRbnvdg/NxqzC7L9Uyqzf4psi1OM4Cuc+sJAkQPjO6XkQIJTNbfK2Rsmbw8fx1p2mkZdp2FZYo2+LwXYY/uwIA==

mark.js@^8.11.1:
  version "8.11.1"
  resolved "https://registry.yarnpkg.com/mark.js/-/mark.js-8.11.1.tgz#180f1f9ebef8b0e638e4166ad52db879beb2ffc5"
  integrity sha1-GA8fnr74sOY45BZq1S24eb6y/8U=

moment@^2.10.2:
  version "2.24.0"
  resolved "https://registry.yarnpkg.com/moment/-/moment-2.24.0.tgz#0d055d53f5052aa653c9f6eb68bb5d12bf5c2b5b"
  integrity sha512-bV7f+6l2QigeBBZSM/6yTNq4P2fNpSWj/0e7jQcy87A8e7o2nAfP/34/2ky5Vw4B9S446EtIhodAzkFCcR4dQg==

nanoid@^3.1.23:
  version "3.1.23"
  resolved "https://registry.yarnpkg.com/nanoid/-/nanoid-3.1.23.tgz#f744086ce7c2bc47ee0a8472574d5c78e4183a81"
  integrity sha512-FiB0kzdP0FFVGDKlRLEQ1BgDzU87dy5NnzjeW9YZNt+/c3+q82EQDUwniSAUxp/F0gFNI1ZhKU1FqYsMuqZVnw==

ng2-charts@^1.6.0:
  version "1.6.0"
  resolved "https://registry.yarnpkg.com/ng2-charts/-/ng2-charts-1.6.0.tgz#108a2133ff62a8623895240fadbddbea2951f29d"
  integrity sha512-9w0WH69x5/nuqC1og2WaY39NbaBqTGIP1+5gZaH7/KPN6UEPonNg/pYnsIVklLj1DWPWXKa8+XXIJZ1jy5nLxg==
  dependencies:
    chart.js "^2.6.0"

parse-srcset@^1.0.2:
  version "1.0.2"
  resolved "https://registry.yarnpkg.com/parse-srcset/-/parse-srcset-1.0.2.tgz#f2bd221f6cc970a938d88556abc589caaaa2bde1"
  integrity sha1-8r0iH2zJcKk42IVWq8WJyqqiveE=

postcss@^8.0.2:
  version "8.3.1"
  resolved "https://registry.yarnpkg.com/postcss/-/postcss-8.3.1.tgz#71f380151c227f83b898294a46481f689f86b70a"
  integrity sha512-9qH0MGjsSm+fjxOi3GnwViL1otfi7qkj+l/WX5gcRGmZNGsIcqc+A5fBkE6PUobEQK4APqYVaES+B3Uti98TCw==
  dependencies:
    colorette "^1.2.2"
    nanoid "^3.1.23"
    source-map-js "^0.6.2"

reflect-metadata@^0.1.8:
  version "0.1.13"
  resolved "https://registry.yarnpkg.com/reflect-metadata/-/reflect-metadata-0.1.13.tgz#67ae3ca57c972a2aa1642b10fe363fe32d49dc08"
  integrity sha512-Ts1Y/anZELhSsjMcU605fU9RE4Oi3p5ORujwbIKXfWa+0Zxs510Qrmrce5/Jowq3cHSZSJqBjypxmHarc+vEWg==

rxjs@5.4.0:
  version "5.4.0"
  resolved "https://registry.yarnpkg.com/rxjs/-/rxjs-5.4.0.tgz#a7db14ab157f9d7aac6a56e655e7a3860d39bf26"
  integrity sha1-p9sUqxV/nXqsalbmVeejhg05vyY=
  dependencies:
    symbol-observable "^1.0.1"

sanitize-html@^2.3.2:
  version "2.4.0"
  resolved "https://registry.yarnpkg.com/sanitize-html/-/sanitize-html-2.4.0.tgz#8da7524332eb210d968971621b068b53f17ab5a3"
  integrity sha512-Y1OgkUiTPMqwZNRLPERSEi39iOebn2XJLbeiGOBhaJD/yLqtLGu6GE5w7evx177LeGgSE+4p4e107LMiydOf6A==
  dependencies:
    deepmerge "^4.2.2"
    escape-string-regexp "^4.0.0"
    htmlparser2 "^6.0.0"
    is-plain-object "^5.0.0"
    klona "^2.0.3"
    parse-srcset "^1.0.2"
    postcss "^8.0.2"

semver-umd@^5.5.7:
  version "5.5.7"
  resolved "https://registry.yarnpkg.com/semver-umd/-/semver-umd-5.5.7.tgz#966beb5e96c7da6fbf09c3da14c2872d6836c528"
  integrity sha512-XgjPNlD0J6aIc8xoTN6GQGwWc2Xg0kq8NzrqMVuKG/4Arl6ab1F8+Am5Y/XKKCR+FceFr2yN/Uv5ZJBhRyRqKg==

"slickgrid@github:kburtram/SlickGrid#2.3.33":
  version "2.3.33"
  resolved "https://codeload.github.com/kburtram/SlickGrid/tar.gz/7555f28a55a6663469b716dcd288bb35179a8ffd"

source-map-js@^0.6.2:
  version "0.6.2"
  resolved "https://registry.yarnpkg.com/source-map-js/-/source-map-js-0.6.2.tgz#0bb5de631b41cfbda6cfba8bd05a80efdfd2385e"
  integrity sha512-/3GptzWzu0+0MBQFrDKzw/DvvMTUORvgY6k6jd/VS6iCR4RDTKWH6v6WPwQoUO8667uQEf9Oe38DxAYWY5F/Ug==

symbol-observable@^1.0.1:
  version "1.2.0"
  resolved "https://registry.yarnpkg.com/symbol-observable/-/symbol-observable-1.2.0.tgz#c22688aed4eab3cdc2dfeacbb561660560a00804"
  integrity sha512-e900nM8RRtGhlV36KGEU9k65K3mPb1WV70OdjfxlG2EAuM1noi/E/BaW/uMhL7bPEssK8QV57vN3esixjUvcXQ==

turndown-plugin-gfm@^1.0.2:
  version "1.0.2"
  resolved "https://registry.yarnpkg.com/turndown-plugin-gfm/-/turndown-plugin-gfm-1.0.2.tgz#6f8678a361f35220b2bdf5619e6049add75bf1c7"
  integrity sha512-vwz9tfvF7XN/jE0dGoBei3FXWuvll78ohzCZQuOb+ZjWrs3a0XhQVomJEb2Qh4VHTPNRO4GPZh0V7VRbiWwkRg==

turndown@^7.0.0:
  version "7.0.0"
  resolved "https://registry.yarnpkg.com/turndown/-/turndown-7.0.0.tgz#19b2a6a2d1d700387a1e07665414e4af4fec5225"
  integrity sha512-G1FfxfR0mUNMeGjszLYl3kxtopC4O9DRRiMlMDDVHvU1jaBkGFg4qxIyjIk2aiKLHyDyZvZyu4qBO2guuYBy3Q==
  dependencies:
    domino "^2.1.6"

vscode-oniguruma@1.3.1:
  version "1.3.1"
  resolved "https://registry.yarnpkg.com/vscode-oniguruma/-/vscode-oniguruma-1.3.1.tgz#e2383879c3485b19f533ec34efea9d7a2b14be8f"
  integrity sha512-gz6ZBofA7UXafVA+m2Yt2zHKgXC2qedArprIsHAPKByTkwq9l5y/izAGckqxYml7mSbYxTRTfdRwsFq3cwF4LQ==

vscode-textmate@5.2.0:
  version "5.2.0"
  resolved "https://registry.yarnpkg.com/vscode-textmate/-/vscode-textmate-5.2.0.tgz#01f01760a391e8222fe4f33fbccbd1ad71aed74e"
  integrity sha512-Uw5ooOQxRASHgu6C7GVvUxisKXfSgW4oFlO+aa+PAkgmH89O3CXxEEzNRNtHSqtXFTl0nAC1uYj0GMSH27uwtQ==

xterm-addon-search@0.8.0:
  version "0.8.0"
  resolved "https://registry.yarnpkg.com/xterm-addon-search/-/xterm-addon-search-0.8.0.tgz#e33eab918df7eac7e7baf95dd2b3d14133754881"
  integrity sha512-MPJGPVPpHRUw9cLIuqQbrVepmENMOybVUSxIALz5h1ryyQBrVqVujq2hL5aroX5/dZJoHx9lGHQTVLQ07SKgKA==

xterm-addon-unicode11@0.3.0-beta.3:
  version "0.3.0-beta.3"
  resolved "https://registry.yarnpkg.com/xterm-addon-unicode11/-/xterm-addon-unicode11-0.3.0-beta.3.tgz#70af2dfb67809258edb62c19e2861f7ce5ccf5cd"
  integrity sha512-vaYopnOjn19wCLDCyIWPWLwKR7CvLPxB5YZ3CAxt9qL05o3symxIJJJC0DuCa4GaGKVjNc7EmjRCs5bsJ2O1tw==

xterm-addon-webgl@0.10.0-beta.2:
  version "0.10.0-beta.2"
  resolved "https://registry.yarnpkg.com/xterm-addon-webgl/-/xterm-addon-webgl-0.10.0-beta.2.tgz#520547b2f845b2f9265f1817140b0f4e114c4a55"
  integrity sha512-DLfmF5+H1M/0BABEaqJlLUasKck7TjyRWVlzGflFTWVCr7/Kqaf0al4KMlw3yWX76A1ITGXrWj0qbDn2Sixl2Q==

xterm@4.11.0-beta.2:
  version "4.11.0-beta.2"
  resolved "https://registry.yarnpkg.com/xterm/-/xterm-4.11.0-beta.2.tgz#a95560b61c771f54a336c2eb10e1472e556d9f4b"
  integrity sha512-0BUaAfuclnowirdOuB13OGgq6OUGg/8etnRVT6apgnOrLGOLRCE1NiL3KhxotleAf4gVP0m3iCxsIr3csDY40g==
