# THIS IS AN AUTOGENERATED FILE. DO NOT EDIT THIS FILE DIRECTLY.
# yarn lockfile v1


"@azure/abort-controller@^2.0.0":
  version "2.1.2"
  resolved "https://registry.yarnpkg.com/@azure/abort-controller/-/abort-controller-2.1.2.tgz#42fe0ccab23841d9905812c58f1082d27784566d"
  integrity sha512-nBrLsEWm4J2u5LpAPjxADTlq3trDgVZZXHNKabeXZtpq3d3AbN/KGO82R87rdDz5/lYB024rtEf10/q0urNgsA==
  dependencies:
    tslib "^2.6.2"

"@azure/core-auth@1.7.2":
  version "1.7.2"
  resolved "https://registry.yarnpkg.com/@azure/core-auth/-/core-auth-1.7.2.tgz#558b7cb7dd12b00beec07ae5df5907d74df1ebd9"
  integrity sha512-Igm/S3fDYmnMq1uKS38Ae1/m37B3zigdlZw+kocwEhh5GjyKjPrXKO2J6rzpC1wAxrNil/jX9BJRqBshyjnF3g==
  dependencies:
    "@azure/abort-controller" "^2.0.0"
    "@azure/core-util" "^1.1.0"
    tslib "^2.6.2"

"@azure/core-auth@^1.4.0":
  version "1.10.0"
  resolved "https://registry.yarnpkg.com/@azure/core-auth/-/core-auth-1.10.0.tgz#68dba7036080e1d9d5699c4e48214ab796fa73ad"
  integrity sha512-88Djs5vBvGbHQHf5ZZcaoNHo6Y8BKZkt3cw2iuJIQzLEgH4Ox6Tm4hjFhbqOxyYsgIG/eJbFEHpxRIfEEWv5Ow==
  dependencies:
    "@azure/abort-controller" "^2.0.0"
    "@azure/core-util" "^1.11.0"
    tslib "^2.6.2"

"@azure/core-rest-pipeline@1.16.3":
  version "1.16.3"
  resolved "https://registry.yarnpkg.com/@azure/core-rest-pipeline/-/core-rest-pipeline-1.16.3.tgz#bde3bc3ebad7f885ddd9de6af5e5a8fc254b287e"
  integrity sha512-VxLk4AHLyqcHsfKe4MZ6IQ+D+ShuByy+RfStKfSjxJoL3WBWq17VNmrz8aT8etKzqc2nAeIyLxScjpzsS4fz8w==
  dependencies:
    "@azure/abort-controller" "^2.0.0"
    "@azure/core-auth" "^1.4.0"
    "@azure/core-tracing" "^1.0.1"
    "@azure/core-util" "^1.9.0"
    "@azure/logger" "^1.0.0"
    http-proxy-agent "^7.0.0"
    https-proxy-agent "^7.0.0"
    tslib "^2.6.2"

"@azure/core-tracing@^1.0.1", "@azure/core-tracing@^1.2.0":
  version "1.3.0"
  resolved "https://registry.yarnpkg.com/@azure/core-tracing/-/core-tracing-1.3.0.tgz#341153f5b2927539eb898577651ee48ce98dda25"
  integrity sha512-+XvmZLLWPe67WXNZo9Oc9CrPj/Tm8QnHR92fFAFdnbzwNdCH1h+7UdpaQgRSBsMY+oW1kHXNUZQLdZ1gHX3ROw==
  dependencies:
    tslib "^2.6.2"

"@azure/core-util@^1.1.0", "@azure/core-util@^1.11.0", "@azure/core-util@^1.9.0":
  version "1.13.0"
  resolved "https://registry.yarnpkg.com/@azure/core-util/-/core-util-1.13.0.tgz#fc2834fc51e1e2bb74b70c284b40f824d867422a"
  integrity sha512-o0psW8QWQ58fq3i24Q1K2XfS/jYTxr7O1HRcyUE9bV9NttLU+kYOH82Ixj8DGlMTOWgxm1Sss2QAfKK5UkSPxw==
  dependencies:
    "@azure/abort-controller" "^2.0.0"
    "@typespec/ts-http-runtime" "^0.3.0"
    tslib "^2.6.2"

"@azure/logger@^1.0.0":
  version "1.3.0"
  resolved "https://registry.yarnpkg.com/@azure/logger/-/logger-1.3.0.tgz#5501cf85d4f52630602a8cc75df76568c969a827"
  integrity sha512-fCqPIfOcLE+CGqGPd66c8bZpwAji98tZ4JI9i/mlTNTlsIWslCfpg48s/ypyLxZTump5sypjrKn2/kY7q8oAbA==
  dependencies:
    "@typespec/ts-http-runtime" "^0.3.0"
    tslib "^2.6.2"

"@azure/opentelemetry-instrumentation-azure-sdk@^1.0.0-beta.5":
  version "1.0.0-beta.9"
  resolved "https://registry.yarnpkg.com/@azure/opentelemetry-instrumentation-azure-sdk/-/opentelemetry-instrumentation-azure-sdk-1.0.0-beta.9.tgz#d8451d39c342df2acbc6f4a416902bbd2315f133"
  integrity sha512-gNCFokEoQQEkhu2T8i1i+1iW2o9wODn2slu5tpqJmjV1W7qf9dxVv6GNXW1P1WC8wMga8BCc2t/oMhOK3iwRQg==
  dependencies:
    "@azure/core-tracing" "^1.2.0"
    "@azure/logger" "^1.0.0"
    "@opentelemetry/api" "^1.9.0"
    "@opentelemetry/core" "^2.0.0"
    "@opentelemetry/instrumentation" "^0.200.0"
    "@opentelemetry/sdk-trace-web" "^2.0.0"
    tslib "^2.7.0"

"@joaomoreno/unique-names-generator@^5.1.0":
  version "5.2.0"
  resolved "https://registry.yarnpkg.com/@joaomoreno/unique-names-generator/-/unique-names-generator-5.2.0.tgz#f7cf42c8734ef4b8f2c8d2ecb2baf9d4e08664ce"
  integrity sha512-JEh3qZ85Z6syFvQlhRGRyTPI1M5VticiiP8Xl8EV0XfyfI4Mwzd6Zw28BBrEgUJCYv/cpKCQClVj3J8Tn0KFiA==

"@microsoft/1ds-core-js@3.2.18", "@microsoft/1ds-core-js@^3.2.13":
  version "3.2.18"
  resolved "https://registry.yarnpkg.com/@microsoft/1ds-core-js/-/1ds-core-js-3.2.18.tgz#2be0dd31df0d9001a60b45eb263886fab145613b"
  integrity sha512-ytlFv3dfb8OGqvbZP8tSIlNvn3QNYxdsF0k6ikRMWSr6CmBxBi1sliaxc2Q5KuYOuaeWkd8WRm25Rx/UtHcyMg==
  dependencies:
    "@microsoft/applicationinsights-core-js" "2.8.18"
    "@microsoft/applicationinsights-shims" "^2.0.2"
    "@microsoft/dynamicproto-js" "^1.1.11"

"@microsoft/1ds-post-js@^3.2.13":
  version "3.2.18"
  resolved "https://registry.yarnpkg.com/@microsoft/1ds-post-js/-/1ds-post-js-3.2.18.tgz#efbb445f486d9f92e10ff30564a6c5060aa53909"
  integrity sha512-Tzjcja4SMyws3UP58kD2edFPNb7BJtx5uCgwf/PWXwDyfbUY1/crsTQdEyR98wy/vorvLDZdQlcL++VMChfYnQ==
  dependencies:
    "@microsoft/1ds-core-js" "3.2.18"
    "@microsoft/applicationinsights-shims" "^2.0.2"
    "@microsoft/dynamicproto-js" "^1.1.11"

"@microsoft/applicationinsights-channel-js@3.3.9":
  version "3.3.9"
  resolved "https://registry.yarnpkg.com/@microsoft/applicationinsights-channel-js/-/applicationinsights-channel-js-3.3.9.tgz#40dd0e69744b76e09a7bdb9bdac1ce31508e85ae"
  integrity sha512-/yEgSe6vT2ycQJkXu6VF04TB5XBurk46ECV7uo6KkNhWyDEctAk1VDWB7EqXYdwLhKMbNOYX1pvz7fj43fGNqg==
  dependencies:
    "@microsoft/applicationinsights-common" "3.3.9"
    "@microsoft/applicationinsights-core-js" "3.3.9"
    "@microsoft/applicationinsights-shims" "3.0.1"
    "@microsoft/dynamicproto-js" "^2.0.3"
    "@nevware21/ts-async" ">= 0.5.4 < 2.x"
    "@nevware21/ts-utils" ">= 0.11.8 < 2.x"

"@microsoft/applicationinsights-common@3.3.9":
  version "3.3.9"
  resolved "https://registry.yarnpkg.com/@microsoft/applicationinsights-common/-/applicationinsights-common-3.3.9.tgz#2193fa3a0653e6bc9479307bf96e5da77d961142"
  integrity sha512-IgruOuDBxmBK9jYo7SqLJG7Z9OwmAmlvHET49srpN6pqQlEjRpjD1nfA3Ps4RSEbF89a/ad2phQaBp8jvm122g==
  dependencies:
    "@microsoft/applicationinsights-core-js" "3.3.9"
    "@microsoft/applicationinsights-shims" "3.0.1"
    "@microsoft/dynamicproto-js" "^2.0.3"
    "@nevware21/ts-utils" ">= 0.11.8 < 2.x"

"@microsoft/applicationinsights-core-js@2.8.18":
  version "2.8.18"
  resolved "https://registry.yarnpkg.com/@microsoft/applicationinsights-core-js/-/applicationinsights-core-js-2.8.18.tgz#b3ce9e834f4a09aceb82465e2410851461f5f68a"
  integrity sha512-yPHRZFLpnEO0uSgFPM1BLMRRwjoten9YBbn4pJRbCT4PigLnj748knmWsMwXIdcehtkRTYz78kPYa/LWP7nvmA==
  dependencies:
    "@microsoft/applicationinsights-shims" "2.0.2"
    "@microsoft/dynamicproto-js" "^1.1.11"

"@microsoft/applicationinsights-core-js@3.3.9":
  version "3.3.9"
  resolved "https://registry.yarnpkg.com/@microsoft/applicationinsights-core-js/-/applicationinsights-core-js-3.3.9.tgz#3a98a371f3359e3cb6d9028e1e694352a6143622"
  integrity sha512-xliiE9H09xCycndlua4QjajN8q5k/ET6VCv+e0Jjodxr9+cmoOP/6QY9dun9ptokuwR8TK0qOaIJ8z4fgslVSA==
  dependencies:
    "@microsoft/applicationinsights-shims" "3.0.1"
    "@microsoft/dynamicproto-js" "^2.0.3"
    "@nevware21/ts-async" ">= 0.5.4 < 2.x"
    "@nevware21/ts-utils" ">= 0.11.8 < 2.x"

"@microsoft/applicationinsights-shims@2.0.2", "@microsoft/applicationinsights-shims@^2.0.2":
  version "2.0.2"
  resolved "https://registry.yarnpkg.com/@microsoft/applicationinsights-shims/-/applicationinsights-shims-2.0.2.tgz#92b36a09375e2d9cb2b4203383b05772be837085"
  integrity sha512-PoHEgsnmcqruLNHZ/amACqdJ6YYQpED0KSRe6J7gIJTtpZC1FfFU9b1fmDKDKtFoUSrPzEh1qzO3kmRZP0betg==

"@microsoft/applicationinsights-shims@3.0.1":
  version "3.0.1"
  resolved "https://registry.yarnpkg.com/@microsoft/applicationinsights-shims/-/applicationinsights-shims-3.0.1.tgz#3865b73ace8405b9c4618cc5c571f2fe3876f06f"
  integrity sha512-DKwboF47H1nb33rSUfjqI6ryX29v+2QWcTrRvcQDA32AZr5Ilkr7whOOSsD1aBzwqX0RJEIP1Z81jfE3NBm/Lg==
  dependencies:
    "@nevware21/ts-utils" ">= 0.9.4 < 2.x"

"@microsoft/applicationinsights-web-basic@^3.0.2":
  version "3.3.9"
  resolved "https://registry.yarnpkg.com/@microsoft/applicationinsights-web-basic/-/applicationinsights-web-basic-3.3.9.tgz#7c74f743c36f32923cb6039bea8ca7fa39888476"
  integrity sha512-8tLaAgsCpWjoaxit546RqeuECnHQPBLnOZhzTYG76oPG1ku7dNXaRNieuZLbO+XmAtg/oxntKLAVoPND8NRgcA==
  dependencies:
    "@microsoft/applicationinsights-channel-js" "3.3.9"
    "@microsoft/applicationinsights-common" "3.3.9"
    "@microsoft/applicationinsights-core-js" "3.3.9"
    "@microsoft/applicationinsights-shims" "3.0.1"
    "@microsoft/dynamicproto-js" "^2.0.3"
    "@nevware21/ts-async" ">= 0.5.4 < 2.x"
    "@nevware21/ts-utils" ">= 0.11.8 < 2.x"

"@microsoft/applicationinsights-web-snippet@1.0.1":
  version "1.0.1"
  resolved "https://registry.yarnpkg.com/@microsoft/applicationinsights-web-snippet/-/applicationinsights-web-snippet-1.0.1.tgz#6bb788b2902e48bf5d460c38c6bb7fedd686ddd7"
  integrity sha512-2IHAOaLauc8qaAitvWS+U931T+ze+7MNWrDHY47IENP5y2UA0vqJDu67kWZDdpCN1fFC77sfgfB+HV7SrKshnQ==

"@microsoft/dynamicproto-js@^1.1.11":
  version "1.1.11"
  resolved "https://registry.yarnpkg.com/@microsoft/dynamicproto-js/-/dynamicproto-js-1.1.11.tgz#c737e1a50db9453354729ddaeb2c3b16927ed92e"
  integrity sha512-gNw9z9LbqLV+WadZ6/MMrWwO3e0LuoUH1wve/1iPsBNbgqeVCiB0EZFNNj2lysxS2gkqoF9hmyVaG3MoM1BkxA==

"@microsoft/dynamicproto-js@^2.0.3":
  version "2.0.3"
  resolved "https://registry.yarnpkg.com/@microsoft/dynamicproto-js/-/dynamicproto-js-2.0.3.tgz#ae2b408061e3ff01a97078429fc768331e239256"
  integrity sha512-JTWTU80rMy3mdxOjjpaiDQsTLZ6YSGGqsjURsY6AUQtIj0udlF/jYmhdLZu8693ZIC0T1IwYnFa0+QeiMnziBA==
  dependencies:
    "@nevware21/ts-utils" ">= 0.10.4 < 2.x"

"@nevware21/ts-async@>= 0.5.4 < 2.x":
  version "0.5.4"
  resolved "https://registry.yarnpkg.com/@nevware21/ts-async/-/ts-async-0.5.4.tgz#52f8449dd0b3b16aa317a18b4662f6fb13a135f1"
  integrity sha512-IBTyj29GwGlxfzXw2NPnzty+w0Adx61Eze1/lknH/XIVdxtF9UnOpk76tnrHXWa6j84a1RR9hsOcHQPFv9qJjA==
  dependencies:
    "@nevware21/ts-utils" ">= 0.11.6 < 2.x"

"@nevware21/ts-utils@>= 0.10.4 < 2.x", "@nevware21/ts-utils@>= 0.11.6 < 2.x", "@nevware21/ts-utils@>= 0.11.8 < 2.x", "@nevware21/ts-utils@>= 0.9.4 < 2.x":
  version "0.12.5"
  resolved "https://registry.yarnpkg.com/@nevware21/ts-utils/-/ts-utils-0.12.5.tgz#fe33c10d11ae8b724ccaaa31d2d0109d18601da6"
  integrity sha512-JPQZWPKQJjj7kAftdEZL0XDFfbMgXCGiUAZe0d7EhLC3QlXTlZdSckGqqRIQ2QNl0VTEZyZUvRBw6Ednw089Fw==

"@opentelemetry/api-logs@0.200.0":
  version "0.200.0"
  resolved "https://registry.yarnpkg.com/@opentelemetry/api-logs/-/api-logs-0.200.0.tgz#f9015fd844920c13968715b3cdccf5a4d4ff907e"
  integrity sha512-IKJBQxh91qJ+3ssRly5hYEJ8NDHu9oY/B1PXVSCWf7zytmYO9RNLB0Ox9XQ/fJ8m6gY6Q6NtBWlmXfaXt5Uc4Q==
  dependencies:
    "@opentelemetry/api" "^1.3.0"

"@opentelemetry/api@^1.3.0", "@opentelemetry/api@^1.7.0", "@opentelemetry/api@^1.9.0":
  version "1.9.0"
  resolved "https://registry.yarnpkg.com/@opentelemetry/api/-/api-1.9.0.tgz#d03eba68273dc0f7509e2a3d5cba21eae10379fe"
  integrity sha512-3giAOQvZiH5F9bMlMiv8+GSPMeqg0dbaeo58/0SlA9sxSqZhnUtxzX9/2FzyhS9sWQf5S0GJE0AKBrFqjpeYcg==

"@opentelemetry/core@1.30.1", "@opentelemetry/core@^1.19.0":
  version "1.30.1"
  resolved "https://registry.yarnpkg.com/@opentelemetry/core/-/core-1.30.1.tgz#a0b468bb396358df801881709ea38299fc30ab27"
  integrity sha512-OOCM2C/QIURhJMuKaekP3TRBxBKxG/TWWA0TL2J6nXUtDnuCtccy49LUJF8xPFXMX+0LMcxFpCo8M9cGY1W6rQ==
  dependencies:
    "@opentelemetry/semantic-conventions" "1.28.0"

"@opentelemetry/core@2.0.1", "@opentelemetry/core@^2.0.0":
  version "2.0.1"
  resolved "https://registry.yarnpkg.com/@opentelemetry/core/-/core-2.0.1.tgz#44e1149d5666a4743cde943ef89841db3ce0f8bc"
  integrity sha512-MaZk9SJIDgo1peKevlbhP6+IwIiNPNmswNL4AF0WaQJLbHXjr9SrZMgS12+iqr9ToV4ZVosCcc0f8Rg67LXjxw==
  dependencies:
    "@opentelemetry/semantic-conventions" "^1.29.0"

"@opentelemetry/instrumentation@^0.200.0":
  version "0.200.0"
  resolved "https://registry.yarnpkg.com/@opentelemetry/instrumentation/-/instrumentation-0.200.0.tgz#29d1d4f70cbf0cb1ca9f2f78966379b0be96bddc"
  integrity sha512-pmPlzfJd+vvgaZd/reMsC8RWgTXn2WY1OWT5RT42m3aOn5532TozwXNDhg1vzqJ+jnvmkREcdLr27ebJEQt0Jg==
  dependencies:
    "@opentelemetry/api-logs" "0.200.0"
    "@types/shimmer" "^1.2.0"
    import-in-the-middle "^1.8.1"
    require-in-the-middle "^7.1.1"
    shimmer "^1.2.1"

"@opentelemetry/resources@1.30.1":
  version "1.30.1"
  resolved "https://registry.yarnpkg.com/@opentelemetry/resources/-/resources-1.30.1.tgz#a4eae17ebd96947fdc7a64f931ca4b71e18ce964"
  integrity sha512-5UxZqiAgLYGFjS4s9qm5mBVo433u+dSPUFWVWXmLAD4wB65oMCoXaJP1KJa9DIYYMeHu3z4BZcStG3LC593cWA==
  dependencies:
    "@opentelemetry/core" "1.30.1"
    "@opentelemetry/semantic-conventions" "1.28.0"

"@opentelemetry/resources@2.0.1":
  version "2.0.1"
  resolved "https://registry.yarnpkg.com/@opentelemetry/resources/-/resources-2.0.1.tgz#0365d134291c0ed18d96444a1e21d0e6a481c840"
  integrity sha512-dZOB3R6zvBwDKnHDTB4X1xtMArB/d324VsbiPkX/Yu0Q8T2xceRthoIVFhJdvgVM2QhGVUyX9tzwiNxGtoBJUw==
  dependencies:
    "@opentelemetry/core" "2.0.1"
    "@opentelemetry/semantic-conventions" "^1.29.0"

"@opentelemetry/sdk-trace-base@2.0.1":
  version "2.0.1"
  resolved "https://registry.yarnpkg.com/@opentelemetry/sdk-trace-base/-/sdk-trace-base-2.0.1.tgz#25808bb6a3d08a501ad840249e4d43d3493eb6e5"
  integrity sha512-xYLlvk/xdScGx1aEqvxLwf6sXQLXCjk3/1SQT9X9AoN5rXRhkdvIFShuNNmtTEPRBqcsMbS4p/gJLNI2wXaDuQ==
  dependencies:
    "@opentelemetry/core" "2.0.1"
    "@opentelemetry/resources" "2.0.1"
    "@opentelemetry/semantic-conventions" "^1.29.0"

"@opentelemetry/sdk-trace-base@^1.19.0":
  version "1.30.1"
  resolved "https://registry.yarnpkg.com/@opentelemetry/sdk-trace-base/-/sdk-trace-base-1.30.1.tgz#41a42234096dc98e8f454d24551fc80b816feb34"
  integrity sha512-jVPgBbH1gCy2Lb7X0AVQ8XAfgg0pJ4nvl8/IiQA6nxOsPvS+0zMJaFSs2ltXe0J6C8dqjcnpyqINDJmU30+uOg==
  dependencies:
    "@opentelemetry/core" "1.30.1"
    "@opentelemetry/resources" "1.30.1"
    "@opentelemetry/semantic-conventions" "1.28.0"

"@opentelemetry/sdk-trace-web@^2.0.0":
  version "2.0.1"
  resolved "https://registry.yarnpkg.com/@opentelemetry/sdk-trace-web/-/sdk-trace-web-2.0.1.tgz#ad6f590cbc1a1a2e800a3815bd6b1923c8c78a4d"
  integrity sha512-R4/i0rISvAujG4Zwk3s6ySyrWG+Db3SerZVM4jZ2lEzjrNylF7nRAy1hVvWe8gTbwIxX+6w6ZvZwdtl2C7UQHQ==
  dependencies:
    "@opentelemetry/core" "2.0.1"
    "@opentelemetry/sdk-trace-base" "2.0.1"

"@opentelemetry/semantic-conventions@1.28.0":
  version "1.28.0"
  resolved "https://registry.yarnpkg.com/@opentelemetry/semantic-conventions/-/semantic-conventions-1.28.0.tgz#337fb2bca0453d0726696e745f50064411f646d6"
  integrity sha512-lp4qAiMTD4sNWW4DbKLBkfiMZ4jbAboJIGOQr5DvciMRI494OapieI9qiODpOt0XBr1LjIDy1xAGAnVs5supTA==

"@opentelemetry/semantic-conventions@^1.19.0", "@opentelemetry/semantic-conventions@^1.29.0":
  version "1.36.0"
  resolved "https://registry.yarnpkg.com/@opentelemetry/semantic-conventions/-/semantic-conventions-1.36.0.tgz#149449bd4df4d0464220915ad4164121e0d75d4d"
  integrity sha512-TtxJSRD8Ohxp6bKkhrm27JRHAxPczQA7idtcTOMYI+wQRRrfgqxHv1cFbCApcSnNjtXkmzFozn6jQtFrOmbjPQ==

"@tokenizer/token@^0.3.0":
  version "0.3.0"
  resolved "https://registry.yarnpkg.com/@tokenizer/token/-/token-0.3.0.tgz#fe98a93fe789247e998c75e74e9c7c63217aa276"
  integrity sha512-OvjF+z51L3ov0OyAU0duzsYuvO01PH7x4t6DJx+guahgTnBHkhJdG7soQeTSFLWN3efnHyibZ4Z8l2EuWwJN3A==

"@types/byline@4.2.31":
  version "4.2.31"
  resolved "https://registry.yarnpkg.com/@types/byline/-/byline-4.2.31.tgz#0e61fcb9c03e047d21c4496554c7116297ab60cd"
  integrity sha512-TC6Ljn7tALesQMQyTNoMWoM44SNvWtCLkJDrA/TxcwE5ILkWt4zi5wbEokqiDk42S75eykAY1onPImWDybOkmQ==
  dependencies:
    "@types/node" "*"

"@types/mocha@^9.1.1":
  version "9.1.1"
  resolved "https://registry.yarnpkg.com/@types/mocha/-/mocha-9.1.1.tgz#e7c4f1001eefa4b8afbd1eee27a237fee3bf29c4"
  integrity sha512-Z61JK7DKDtdKTWwLeElSEBcWGRLY8g95ic5FoQqI9CMx0ns/Ghep3B4DfcEimiKMvtamNVULVNKEsiwV3aQmXw==

"@types/node@*":
  version "24.1.0"
  resolved "https://registry.yarnpkg.com/@types/node/-/node-24.1.0.tgz#0993f7dc31ab5cc402d112315b463e383d68a49c"
  integrity sha512-ut5FthK5moxFKH2T1CUOC6ctR67rQRvvHdFLCD2Ql6KXmMuCrjsSsRI9UsLCm9M18BMwClv4pn327UvB7eeO1w==
  dependencies:
    undici-types "~7.8.0"

"@types/node@20.x":
  version "20.19.9"
  resolved "https://registry.yarnpkg.com/@types/node/-/node-20.19.9.tgz#ca9a58193fec361cc6e859d88b52261853f1f0d3"
  integrity sha512-cuVNgarYWZqxRJDQHEB58GEONhOK79QVR/qYx4S7kcUObQvUwvFnYxJuuHUKm2aieN9X3yZB4LZsuYNU1Qphsw==
  dependencies:
    undici-types "~6.21.0"

"@types/picomatch@2.3.0":
  version "2.3.0"
  resolved "https://registry.yarnpkg.com/@types/picomatch/-/picomatch-2.3.0.tgz#75db5e75a713c5a83d5b76780c3da84a82806003"
  integrity sha512-O397rnSS9iQI4OirieAtsDqvCj4+3eY1J+EPdNTKuHuRWIfUoGyzX294o8C4KJYaLqgSrd2o60c5EqCU8Zv02g==

"@types/shimmer@^1.2.0":
  version "1.2.0"
  resolved "https://registry.yarnpkg.com/@types/shimmer/-/shimmer-1.2.0.tgz#9b706af96fa06416828842397a70dfbbf1c14ded"
  integrity sha512-UE7oxhQLLd9gub6JKIAhDq06T0F6FnztwMNRvYgjeQSBeMc1ZG/tA47EwfduvkuQS8apbkM/lpLpWsaCeYsXVg==

"@types/which@3.0.0":
  version "3.0.0"
  resolved "https://registry.yarnpkg.com/@types/which/-/which-3.0.0.tgz#849afdd9fdcb0b67339b9cfc80fa6ea4e0253fc5"
  integrity sha512-ASCxdbsrwNfSMXALlC3Decif9rwDMu+80KGp5zI2RLRotfMsTv7fHL8W8VDp24wymzDyIFudhUeSCugrgRFfHQ==

"@typespec/ts-http-runtime@^0.3.0":
  version "0.3.0"
  resolved "https://registry.yarnpkg.com/@typespec/ts-http-runtime/-/ts-http-runtime-0.3.0.tgz#f506ff2170e594a257f8e78aa196088f3a46a22d"
  integrity sha512-sOx1PKSuFwnIl7z4RN0Ls7N9AQawmR9r66eI5rFCzLDIs8HTIYrIpH9QjYWoX0lkgGrkLxXhi4QnK7MizPRrIg==
  dependencies:
    http-proxy-agent "^7.0.0"
    https-proxy-agent "^7.0.0"
    tslib "^2.6.2"

"@vscode/extension-telemetry@^0.8.4":
  version "0.8.5"
  resolved "https://registry.yarnpkg.com/@vscode/extension-telemetry/-/extension-telemetry-0.8.5.tgz#3db305be907c01656160e25d91f5d2840175d199"
  integrity sha512-YFKANBT2F3qdWQstjcr40XX8BLsdKlKM7a7YPi/jNuMjuiPhb1Jn7YsDR3WZaVEzAqeqGy4gzXsFCBbuZ+L1Tg==
  dependencies:
    "@microsoft/1ds-core-js" "^3.2.13"
    "@microsoft/1ds-post-js" "^3.2.13"
    "@microsoft/applicationinsights-web-basic" "^3.0.2"
    applicationinsights "^2.7.1"

"@vscode/iconv-lite-umd@0.7.0":
  version "0.7.0"
  resolved "https://registry.yarnpkg.com/@vscode/iconv-lite-umd/-/iconv-lite-umd-0.7.0.tgz#d2f1e0664ee6036408f9743fee264ea0699b0e48"
  integrity sha512-bRRFxLfg5dtAyl5XyiVWz/ZBPahpOpPrNYnnHpOpUZvam4tKH35wdhP4Kj6PbM0+KdliOsPzbGWpkxcdpNB/sg==

abort-controller@^3.0.0:
  version "3.0.0"
  resolved "https://registry.yarnpkg.com/abort-controller/-/abort-controller-3.0.0.tgz#eaf54d53b62bae4138e809ca225c8439a6efb392"
  integrity sha512-h8lQ8tacZYnR3vNQTgibj+tODHI5/+l06Au2Pcriv/Gmet0eaj4TwWH41sO9wnHDiQsEj19q0drzdWdeAHtweg==
  dependencies:
    event-target-shim "^5.0.0"

acorn-import-attributes@^1.9.5:
  version "1.9.5"
  resolved "https://registry.yarnpkg.com/acorn-import-attributes/-/acorn-import-attributes-1.9.5.tgz#7eb1557b1ba05ef18b5ed0ec67591bfab04688ef"
  integrity sha512-n02Vykv5uA3eHGM/Z2dQrcD56kL8TyDb2p1+0P83PClMnC/nc+anbQRhIOWnSq4Ke/KvDPrY3C9hDtC/A3eHnQ==

acorn@^8.14.0:
  version "8.15.0"
  resolved "https://registry.yarnpkg.com/acorn/-/acorn-8.15.0.tgz#a360898bc415edaac46c8241f6383975b930b816"
  integrity sha512-NZyJarBfL7nWwIq+FDL6Zp/yHEhePMNnnJ0y3qfieCrmNvYct8uvtiV41UvlSe6apAfk0fY1FbWx+NwfmpvtTg==

agent-base@^7.1.0, agent-base@^7.1.2:
  version "7.1.4"
  resolved "https://registry.yarnpkg.com/agent-base/-/agent-base-7.1.4.tgz#e3cd76d4c548ee895d3c3fd8dc1f6c5b9032e7a8"
  integrity sha512-MnA+YT8fwfJPgBx3m60MNqakm30XOkyIoH1y6huTQvC0PwZG7ki8NacLBcrPbNoo8vEZy7Jpuk7+jMO+CUovTQ==

applicationinsights@^2.7.1:
  version "2.9.7"
  resolved "https://registry.yarnpkg.com/applicationinsights/-/applicationinsights-2.9.7.tgz#78a2a8e27497eb697ff0bc0ac28625d95a1db0fa"
  integrity sha512-dxIVB2AAEMec3FDiYThgEbc9R4u1TatrzL+kFgOf+ABaEgHm8+i8ngVLHfKObjHvy2HHPf810OLWTrqyeWT/oA==
  dependencies:
    "@azure/core-auth" "1.7.2"
    "@azure/core-rest-pipeline" "1.16.3"
    "@azure/opentelemetry-instrumentation-azure-sdk" "^1.0.0-beta.5"
    "@microsoft/applicationinsights-web-snippet" "1.0.1"
    "@opentelemetry/api" "^1.7.0"
    "@opentelemetry/core" "^1.19.0"
    "@opentelemetry/sdk-trace-base" "^1.19.0"
    "@opentelemetry/semantic-conventions" "^1.19.0"
    cls-hooked "^4.2.2"
    continuation-local-storage "^3.2.1"
    diagnostic-channel "1.1.1"
    diagnostic-channel-publishers "1.0.8"

async-hook-jl@^1.7.6:
  version "1.7.6"
  resolved "https://registry.yarnpkg.com/async-hook-jl/-/async-hook-jl-1.7.6.tgz#4fd25c2f864dbaf279c610d73bf97b1b28595e68"
  integrity sha512-gFaHkFfSxTjvoxDMYqDuGHlcRyUuamF8s+ZTtJdDzqjws4mCt7v0vuV79/E2Wr2/riMQgtG4/yUtXWs1gZ7JMg==
  dependencies:
    stack-chain "^1.3.7"

async-listener@^0.6.0:
  version "0.6.10"
  resolved "https://registry.yarnpkg.com/async-listener/-/async-listener-0.6.10.tgz#a7c97abe570ba602d782273c0de60a51e3e17cbc"
  integrity sha512-gpuo6xOyF4D5DE5WvyqZdPA3NGhiT6Qf07l7DCB0wwDEsLvDIbCr6j9S5aj5Ch96dLace5tXVzWBZkxU/c5ohw==
  dependencies:
    semver "^5.3.0"
    shimmer "^1.1.0"

base64-js@^1.3.1:
  version "1.5.1"
  resolved "https://registry.yarnpkg.com/base64-js/-/base64-js-1.5.1.tgz#1b1b440160a5bf7ad40b650f095963481903930a"
  integrity sha512-AKpaYlHn8t4SVbOHCy+b5+KKgvR4vrsD8vbvrbiQJps7fKDTkjkDry6ji0rUJjC0kzbNePLwzxq8iypo41qeWA==

buffer@^6.0.3:
  version "6.0.3"
  resolved "https://registry.yarnpkg.com/buffer/-/buffer-6.0.3.tgz#2ace578459cc8fbe2a70aaa8f52ee63b6a74c6c6"
  integrity sha512-FTiCpNxtwiZZHEZbcbTIcZjERVICn9yq/pDFkTl95/AxzD1naBctN7YO68riM/gLSDY7sdrMby8hofADYuuqOA==
  dependencies:
    base64-js "^1.3.1"
    ieee754 "^1.2.1"

byline@^5.0.0:
  version "5.0.0"
  resolved "https://registry.yarnpkg.com/byline/-/byline-5.0.0.tgz#741c5216468eadc457b03410118ad77de8c1ddb1"
  integrity sha512-s6webAy+R4SR8XVuJWt2V2rGvhnrhxN+9S15GNuTK3wKPOXFF6RNc+8ug2XhH+2s4f+uudG4kUVYmYOQWL2g0Q==

cjs-module-lexer@^1.2.2:
  version "1.4.3"
  resolved "https://registry.yarnpkg.com/cjs-module-lexer/-/cjs-module-lexer-1.4.3.tgz#0f79731eb8cfe1ec72acd4066efac9d61991b00d"
  integrity sha512-9z8TZaGM1pfswYeXrUpzPrkx8UnWYdhJclsiYMm6x/w5+nN+8Tf/LnAgfLGQCm59qAOxU8WwHEq2vNwF6i4j+Q==

cls-hooked@^4.2.2:
  version "4.2.2"
  resolved "https://registry.yarnpkg.com/cls-hooked/-/cls-hooked-4.2.2.tgz#ad2e9a4092680cdaffeb2d3551da0e225eae1908"
  integrity sha512-J4Xj5f5wq/4jAvcdgoGsL3G103BtWpZrMo8NEinRltN+xpTZdI+M38pyQqhuFU/P792xkMFvnKSf+Lm81U1bxw==
  dependencies:
    async-hook-jl "^1.7.6"
    emitter-listener "^1.0.1"
    semver "^5.4.1"

continuation-local-storage@^3.2.1:
  version "3.2.1"
  resolved "https://registry.yarnpkg.com/continuation-local-storage/-/continuation-local-storage-3.2.1.tgz#11f613f74e914fe9b34c92ad2d28fe6ae1db7ffb"
  integrity sha512-jx44cconVqkCEEyLSKWwkvUXwO561jXMa3LPjTPsm5QR22PA0/mhe33FT4Xb5y74JDvt/Cq+5lm8S8rskLv9ZA==
  dependencies:
    async-listener "^0.6.0"
    emitter-listener "^1.1.1"

debug@4, debug@^4.3.4, debug@^4.3.5:
  version "4.4.1"
  resolved "https://registry.yarnpkg.com/debug/-/debug-4.4.1.tgz#e5a8bc6cbc4c6cd3e64308b0693a3d4fa550189b"
  integrity sha512-KcKCqiftBJcZr++7ykoDIEwSa3XWowTfNPo92BYxjXiyYEVrUQh2aLyhxBCwww+heortUFxEJYcRzosstTEBYQ==
  dependencies:
    ms "^2.1.3"

diagnostic-channel-publishers@1.0.8:
  version "1.0.8"
  resolved "https://registry.yarnpkg.com/diagnostic-channel-publishers/-/diagnostic-channel-publishers-1.0.8.tgz#700557a902c443cb11f999f19f50a8bb3be490a0"
  integrity sha512-HmSm9hXxSPxA9BaLGY98QU1zsdjeCk113KjAYGPCen1ZP6mhVaTPzHd6UYv5r21DnWANi+f+NyPOHruGT9jpqQ==

diagnostic-channel@1.1.1:
  version "1.1.1"
  resolved "https://registry.yarnpkg.com/diagnostic-channel/-/diagnostic-channel-1.1.1.tgz#44b60972de9ee055c16216535b0e9db3f6a0efd0"
  integrity sha512-r2HV5qFkUICyoaKlBEpLKHjxMXATUf/l+h8UZPGBHGLy4DDiY2sOLcIctax4eRnTw5wH2jTMExLntGPJ8eOJxw==
  dependencies:
    semver "^7.5.3"

emitter-listener@^1.0.1, emitter-listener@^1.1.1:
  version "1.1.2"
  resolved "https://registry.yarnpkg.com/emitter-listener/-/emitter-listener-1.1.2.tgz#56b140e8f6992375b3d7cb2cab1cc7432d9632e8"
  integrity sha512-Bt1sBAGFHY9DKY+4/2cV6izcKJUf5T7/gkdmkxzX/qv9CcGH8xSwVRW5mtX03SWJtRTWSOpzCuWN9rBFYZepZQ==
  dependencies:
    shimmer "^1.2.0"

event-target-shim@^5.0.0:
  version "5.0.1"
  resolved "https://registry.yarnpkg.com/event-target-shim/-/event-target-shim-5.0.1.tgz#5d4d3ebdf9583d63a5333ce2deb7480ab2b05789"
  integrity sha512-i/2XbnSz/uxRCU6+NdVJgKWDTM427+MqYbkQzD321DuCQJUqOuJKIA0IM2+W2xtYHdKOmZ4dR6fExsd4SXL+WQ==

events@^3.3.0:
  version "3.3.0"
  resolved "https://registry.yarnpkg.com/events/-/events-3.3.0.tgz#31a95ad0a924e2d2c419a813aeb2c4e878ea7400"
  integrity sha512-mQw+2fkQbALzQ7V0MY0IqdnXNOeTtP4r0lN9z7AAawCXgqea7bDii20AYrIBrFd/Hx0M2Ocz6S111CaFkUcb0Q==

file-type@16.5.4:
  version "16.5.4"
  resolved "https://registry.yarnpkg.com/file-type/-/file-type-16.5.4.tgz#474fb4f704bee427681f98dd390058a172a6c2fd"
  integrity sha512-/yFHK0aGjFEgDJjEKP0pWCplsPFPhwyfwevf/pVxiN0tmE4L9LmwWxWukdJSHdoCli4VgQLehjJtwQBnqmsKcw==
  dependencies:
    readable-web-to-node-stream "^3.0.0"
    strtok3 "^6.2.4"
    token-types "^4.1.1"

function-bind@^1.1.2:
  version "1.1.2"
  resolved "https://registry.yarnpkg.com/function-bind/-/function-bind-1.1.2.tgz#2c02d864d97f3ea6c8830c464cbd11ab6eab7a1c"
  integrity sha512-7XHNxH7qX9xG5mIwxkhumTox/MIRNcOgDrxWsMt2pAr23WHp6MrRlN7FBSFpCpr+oVO0F744iUgR82nJMfG2SA==

hasown@^2.0.2:
  version "2.0.2"
  resolved "https://registry.yarnpkg.com/hasown/-/hasown-2.0.2.tgz#003eaf91be7adc372e84ec59dc37252cedb80003"
  integrity sha512-0hJU9SCPvmMzIBdZFqNPXWa6dqh7WdH0cII9y+CyS8rG3nL48Bclra9HmKhVVUHyPWNH5Y7xDwAB7bfgSjkUMQ==
  dependencies:
    function-bind "^1.1.2"

http-proxy-agent@^7.0.0:
  version "7.0.2"
  resolved "https://registry.yarnpkg.com/http-proxy-agent/-/http-proxy-agent-7.0.2.tgz#9a8b1f246866c028509486585f62b8f2c18c270e"
  integrity sha512-T1gkAiYYDWYx3V5Bmyu7HcfcvL7mUrTWiM6yOfa3PIphViJ/gFPbvidQ+veqSOHci/PxBcDabeUNCzpOODJZig==
  dependencies:
    agent-base "^7.1.0"
    debug "^4.3.4"

https-proxy-agent@^7.0.0:
  version "7.0.6"
  resolved "https://registry.yarnpkg.com/https-proxy-agent/-/https-proxy-agent-7.0.6.tgz#da8dfeac7da130b05c2ba4b59c9b6cd66611a6b9"
  integrity sha512-vK9P5/iUfdl95AI+JVyUuIcVtd4ofvtrOr3HNtM2yxC9bnMbEdp3x01OhQNnjb8IJYi38VlTE3mBXwcfvywuSw==
  dependencies:
    agent-base "^7.1.2"
    debug "4"

ieee754@^1.2.1:
  version "1.2.1"
  resolved "https://registry.yarnpkg.com/ieee754/-/ieee754-1.2.1.tgz#8eb7a10a63fff25d15a57b001586d177d1b0d352"
  integrity sha512-dcyqhDvX1C46lXZcVqCpK+FtMRQVdIMN6/Df5js2zouUsqG7I6sFxitIC+7KYK29KdXOLHdu9zL4sFnoVQnqaA==

import-in-the-middle@^1.8.1:
  version "1.14.2"
  resolved "https://registry.yarnpkg.com/import-in-the-middle/-/import-in-the-middle-1.14.2.tgz#283661625a88ff7c0462bd2984f77715c3bc967c"
  integrity sha512-5tCuY9BV8ujfOpwtAGgsTx9CGUapcFMEEyByLv1B+v2+6DhAcw+Zr0nhQT7uwaZ7DiourxFEscghOR8e1aPLQw==
  dependencies:
    acorn "^8.14.0"
    acorn-import-attributes "^1.9.5"
    cjs-module-lexer "^1.2.2"
    module-details-from-path "^1.0.3"

is-core-module@^2.16.0:
  version "2.16.1"
  resolved "https://registry.yarnpkg.com/is-core-module/-/is-core-module-2.16.1.tgz#2a98801a849f43e2add644fbb6bc6229b19a4ef4"
  integrity sha512-UfoeMA6fIJ8wTYFEUjelnaGI67v6+N7qXJEvQuIGa99l4xsCruSYOVSQ0uPANn4dAzm8lkYPaKLrrijLq7x23w==
  dependencies:
    hasown "^2.0.2"

isexe@^2.0.0:
  version "2.0.0"
  resolved "https://registry.yarnpkg.com/isexe/-/isexe-2.0.0.tgz#e8fbf374dc556ff8947a10dcb0572d633f2cfa10"
  integrity sha512-RHxMLp9lnKHGHRng9QFhRCMbYAcVpn69smSGcq3f36xjgVVWThj4qqLbTLlq7Ssj8B+fIQ1EuCEGI2lKsyQeIw==

jschardet@3.0.0:
  version "3.0.0"
  resolved "https://registry.yarnpkg.com/jschardet/-/jschardet-3.0.0.tgz#898d2332e45ebabbdb6bf2feece9feea9a99e882"
  integrity sha512-lJH6tJ77V8Nzd5QWRkFYCLc13a3vADkh3r/Fi8HupZGWk2OVVDfnZP8V/VgQgZ+lzW0kG2UGb5hFgt3V3ndotQ==

module-details-from-path@^1.0.3:
  version "1.0.4"
  resolved "https://registry.yarnpkg.com/module-details-from-path/-/module-details-from-path-1.0.4.tgz#b662fdcd93f6c83d3f25289da0ce81c8d9685b94"
  integrity sha512-EGWKgxALGMgzvxYF1UyGTy0HXX/2vHLkw6+NvDKW2jypWbHpjQuj4UMcqQWXHERJhVGKikolT06G3bcKe4fi7w==

ms@^2.1.3:
  version "2.1.3"
  resolved "https://registry.yarnpkg.com/ms/-/ms-2.1.3.tgz#574c8138ce1d2b5861f0b44579dbadd60c6615b2"
  integrity sha512-6FlzubTLZG3J2a/NVCAleEhjzq5oxgHyaCU9yYXvcLsvoVaHJq/s5xXI6/XXP6tz7R9xAOtHnSO/tXtF3WRTlA==

path-parse@^1.0.7:
  version "1.0.7"
  resolved "https://registry.yarnpkg.com/path-parse/-/path-parse-1.0.7.tgz#fbc114b60ca42b30d9daf5858e4bd68bbedb6735"
  integrity sha512-LDJzPVEEEPR+y48z93A0Ed0yXb8pAByGWo/k5YYdYgpY2/2EsOsksJrq7lOHxryrVOn1ejG6oAp8ahvOIQD8sw==

peek-readable@^4.1.0:
  version "4.1.0"
  resolved "https://registry.yarnpkg.com/peek-readable/-/peek-readable-4.1.0.tgz#4ece1111bf5c2ad8867c314c81356847e8a62e72"
  integrity sha512-ZI3LnwUv5nOGbQzD9c2iDG6toheuXSZP5esSHBjopsXH4dg19soufvpUGA3uohi5anFtGb2lhAVdHzH6R/Evvg==

picomatch@2.3.1:
  version "2.3.1"
  resolved "https://registry.yarnpkg.com/picomatch/-/picomatch-2.3.1.tgz#3ba3833733646d9d3e4995946c1365a67fb07a42"
  integrity sha512-JU3teHTNjmE2VCGFzuY8EXzCDVwEqB2a8fsIvwaStHhAWJEeVd1o1QD80CU6+ZdEXXSLbSsuLwJjkCBWqRQUVA==

process@^0.11.10:
  version "0.11.10"
  resolved "https://registry.yarnpkg.com/process/-/process-0.11.10.tgz#7332300e840161bda3e69a1d1d91a7d4bc16f182"
  integrity sha512-cdGef/drWFoydD1JsMzuFf8100nZl+GT+yacc2bEced5f9Rjk4z+WtFUTBu9PhOi9j/jfmBPu0mMEY4wIdAF8A==

readable-stream@^4.7.0:
  version "4.7.0"
  resolved "https://registry.yarnpkg.com/readable-stream/-/readable-stream-4.7.0.tgz#cedbd8a1146c13dfff8dab14068028d58c15ac91"
  integrity sha512-oIGGmcpTLwPga8Bn6/Z75SVaH1z5dUut2ibSyAMVhmUggWpmDn2dapB0n7f8nwaSiRtepAsfJyfXIO5DCVAODg==
  dependencies:
    abort-controller "^3.0.0"
    buffer "^6.0.3"
    events "^3.3.0"
    process "^0.11.10"
    string_decoder "^1.3.0"

readable-web-to-node-stream@^3.0.0:
  version "3.0.4"
  resolved "https://registry.yarnpkg.com/readable-web-to-node-stream/-/readable-web-to-node-stream-3.0.4.tgz#392ba37707af5bf62d725c36c1b5d6ef4119eefc"
  integrity sha512-9nX56alTf5bwXQ3ZDipHJhusu9NTQJ/CVPtb/XHAJCXihZeitfJvIRS4GqQ/mfIoOE3IelHMrpayVrosdHBuLw==
  dependencies:
    readable-stream "^4.7.0"

require-in-the-middle@^7.1.1:
  version "7.5.2"
  resolved "https://registry.yarnpkg.com/require-in-the-middle/-/require-in-the-middle-7.5.2.tgz#dc25b148affad42e570cf0e41ba30dc00f1703ec"
  integrity sha512-gAZ+kLqBdHarXB64XpAe2VCjB7rIRv+mU8tfRWziHRJ5umKsIHN2tLLv6EtMw7WCdP19S0ERVMldNvxYCHnhSQ==
  dependencies:
    debug "^4.3.5"
    module-details-from-path "^1.0.3"
    resolve "^1.22.8"

resolve@^1.22.8:
  version "1.22.10"
  resolved "https://registry.yarnpkg.com/resolve/-/resolve-1.22.10.tgz#b663e83ffb09bbf2386944736baae803029b8b39"
  integrity sha512-NPRy+/ncIMeDlTAsuqwKIiferiawhefFJtkNSW0qZJEqMEb+qBt/77B/jGeeek+F0uOeN05CDa6HXbbIgtVX4w==
  dependencies:
    is-core-module "^2.16.0"
    path-parse "^1.0.7"
    supports-preserve-symlinks-flag "^1.0.0"

safe-buffer@~5.2.0:
  version "5.2.1"
  resolved "https://registry.yarnpkg.com/safe-buffer/-/safe-buffer-5.2.1.tgz#1eaf9fa9bdb1fdd4ec75f58f9cdb4e6b7827eec6"
  integrity sha512-rp3So07KcdmmKbGvgaNxQSJr7bGVSVk5S9Eq1F+ppbRo70+YeaDxkw5Dd8NPN+GD6bjnYm2VuPuCXmpuYvmCXQ==

semver@^5.3.0, semver@^5.4.1:
  version "5.7.2"
  resolved "https://registry.yarnpkg.com/semver/-/semver-5.7.2.tgz#48d55db737c3287cd4835e17fa13feace1c41ef8"
  integrity sha512-cBznnQ9KjJqU67B52RMC65CMarK2600WFnbkcaiwWq3xy/5haFJlshgnpjovMVJ+Hff49d8GEn0b87C5pDQ10g==

semver@^7.5.3:
  version "7.7.2"
  resolved "https://registry.yarnpkg.com/semver/-/semver-7.7.2.tgz#67d99fdcd35cec21e6f8b87a7fd515a33f982b58"
  integrity sha512-RF0Fw+rO5AMf9MAyaRXI4AV0Ulj5lMHqVxxdSgiVbixSCXoEmmX/jk0CuJw4+3SqroYO9VoUh+HcuJivvtJemA==

shimmer@^1.1.0, shimmer@^1.2.0, shimmer@^1.2.1:
  version "1.2.1"
  resolved "https://registry.yarnpkg.com/shimmer/-/shimmer-1.2.1.tgz#610859f7de327b587efebf501fb43117f9aff337"
  integrity sha512-sQTKC1Re/rM6XyFM6fIAGHRPVGvyXfgzIDvzoq608vM+jeyVD0Tu1E6Np0Kc2zAIFWIj963V2800iF/9LPieQw==

stack-chain@^1.3.7:
  version "1.3.7"
  resolved "https://registry.yarnpkg.com/stack-chain/-/stack-chain-1.3.7.tgz#d192c9ff4ea6a22c94c4dd459171e3f00cea1285"
  integrity sha512-D8cWtWVdIe/jBA7v5p5Hwl5yOSOrmZPWDPe2KxQ5UAGD+nxbxU0lKXA4h85Ta6+qgdKVL3vUxsbIZjc1kBG7ug==

string_decoder@^1.3.0:
  version "1.3.0"
  resolved "https://registry.yarnpkg.com/string_decoder/-/string_decoder-1.3.0.tgz#42f114594a46cf1a8e30b0a84f56c78c3edac21e"
  integrity sha512-hkRX8U1WjJFd8LsDJ2yQ/wWWxaopEsABU1XfkM8A+j0+85JAGppt16cr1Whg6KIbb4okU6Mql6BOj+uup/wKeA==
  dependencies:
    safe-buffer "~5.2.0"

strtok3@^6.2.4:
  version "6.3.0"
  resolved "https://registry.yarnpkg.com/strtok3/-/strtok3-6.3.0.tgz#358b80ffe6d5d5620e19a073aa78ce947a90f9a0"
  integrity sha512-fZtbhtvI9I48xDSywd/somNqgUHl2L2cstmXCCif0itOf96jeW18MBSyrLuNicYQVkvpOxkZtkzujiTJ9LW5Jw==
  dependencies:
    "@tokenizer/token" "^0.3.0"
    peek-readable "^4.1.0"

supports-preserve-symlinks-flag@^1.0.0:
  version "1.0.0"
  resolved "https://registry.yarnpkg.com/supports-preserve-symlinks-flag/-/supports-preserve-symlinks-flag-1.0.0.tgz#6eda4bd344a3c94aea376d4cc31bc77311039e09"
  integrity sha512-ot0WnXS9fgdkgIcePe6RHNk1WA8+muPa6cSjeR3V8K27q9BB1rTE3R1p7Hv0z1ZyAc8s6Vvv8DIyWf681MAt0w==

token-types@^4.1.1:
  version "4.2.1"
  resolved "https://registry.yarnpkg.com/token-types/-/token-types-4.2.1.tgz#0f897f03665846982806e138977dbe72d44df753"
  integrity sha512-6udB24Q737UD/SDsKAHI9FCRP7Bqc9D/MQUV02ORQg5iskjtLJlZJNdN4kKtcdtwCeWIwIHDGaUsTsCCAa8sFQ==
  dependencies:
    "@tokenizer/token" "^0.3.0"
    ieee754 "^1.2.1"

tslib@^2.6.2, tslib@^2.7.0:
  version "2.8.1"
  resolved "https://registry.yarnpkg.com/tslib/-/tslib-2.8.1.tgz#612efe4ed235d567e8aba5f2a5fab70280ade83f"
  integrity sha512-oJFu94HQb+KVduSUQL7wnpmqnfmLsOA/nAh6b6EH0wCEoK0/mPeXU6c3wKDV83MkOuHPRHtSXKKU99IBazS/2w==

undici-types@~6.21.0:
  version "6.21.0"
  resolved "https://registry.yarnpkg.com/undici-types/-/undici-types-6.21.0.tgz#691d00af3909be93a7faa13be61b3a5b50ef12cb"
  integrity sha512-iwDZqg0QAGrg9Rav5H4n0M64c3mkR59cJ6wQp+7C4nI0gsmExaedaYLNO44eT4AtBBwjbTiGPMlt2Md0T9H9JQ==

undici-types@~7.8.0:
  version "7.8.0"
  resolved "https://registry.yarnpkg.com/undici-types/-/undici-types-7.8.0.tgz#de00b85b710c54122e44fbfd911f8d70174cd294"
  integrity sha512-9UJ2xGDvQ43tYyVMpuHlsgApydB8ZKfVYTsLDhXkFL/6gfkp+U8xTGdh8pMJv1SpZna0zxG1DwsKZsreLbXBxw==

vscode-uri@^2.0.0:
  version "2.1.2"
  resolved "https://registry.yarnpkg.com/vscode-uri/-/vscode-uri-2.1.2.tgz#c8d40de93eb57af31f3c715dd650e2ca2c096f1c"
  integrity sha512-8TEXQxlldWAuIODdukIb+TR5s+9Ds40eSJrw+1iDDA9IFORPjMELarNQE3myz5XIkWWpdprmJjm1/SxMlWOC8A==

which@3.0.1:
  version "3.0.1"
  resolved "https://registry.yarnpkg.com/which/-/which-3.0.1.tgz#89f1cd0c23f629a8105ffe69b8172791c87b4be1"
  integrity sha512-XA1b62dzQzLfaEOSQFTCOd5KFf/1VSzZo7/7TUjnya6u0vGGKzU96UQBZTAThCb2j4/xjBAyii1OhRLJEivHvg==
  dependencies:
    isexe "^2.0.0"
