# THIS IS AN AUTOGENERATED FILE. DO NOT EDIT THIS FILE DIRECTLY.
# yarn lockfile v1


"@microsoft/ads-extension-telemetry@^3.0.1":
  version "3.0.2"
  resolved "https://registry.yarnpkg.com/@microsoft/ads-extension-telemetry/-/ads-extension-telemetry-3.0.2.tgz#edcbebbf5ab8ea183a7198ea8056a51f8ac76653"
  integrity sha512-h0ZLCMw3I/wcQWofr25MPSdYDd6CBwPG3XSJdgDwNdlVKUTSGL3QoBxspxtgF33yH5Zod7s+l/g7exbldDhY0Q==
  dependencies:
    "@vscode/extension-telemetry" "0.6.1"

"@vscode/extension-telemetry@0.6.1":
  version "0.6.1"
  resolved "https://registry.yarnpkg.com/@vscode/extension-telemetry/-/extension-telemetry-0.6.1.tgz#f8d1f7145baf932b75077c48107edff48501fc14"
  integrity sha512-Y4Oc8yGURGVF4WhCZcu+EVy+MAIeQDLDVeDlLn59H0C1w+7xr8dL2ZtDBioy+Hog1Edrd6zOwr3Na7xe1iC/UA==

semver@^6.3.0:
  version "6.3.1"
  resolved "https://registry.yarnpkg.com/semver/-/semver-6.3.1.tgz#556d2ef8689146e46dcea4bfdd095f3434dffcb4"
  integrity sha512-BR7VvDCVHO+q2xBEWskxS6DJE1qRnb7DxzUrogb71CWoSficBxYsiAGd+Kl0mmq/MprG9yArRkyrQxTO6XjMzA==

vscode-jsonrpc@8.2.0:
  version "8.2.0"
  resolved "https://registry.yarnpkg.com/vscode-jsonrpc/-/vscode-jsonrpc-8.2.0.tgz#f43dfa35fb51e763d17cd94dcca0c9458f35abf9"
  integrity sha512-C+r0eKJUIfiDIfwJhria30+TYWPtuHJXHtI7J0YlOmKAo7ogxP20T0zxB7HZQIFhIyvoBPwWskjxrvAtfjyZfA==

vscode-languageclient@^5.3.0-next.1:
  version "5.3.0-next.9"
  resolved "https://registry.yarnpkg.com/vscode-languageclient/-/vscode-languageclient-5.3.0-next.9.tgz#34f58017647f15cd86015f7af45935dc750611f7"
  integrity sha512-BFA3X1y2EI2CfsSBy0KG2Xr5BOYfd/97jTmD+doqL6oj+cY8S7AmRCOwb2f9Hbjq8GWL7YC+OJ0leZEUSPgP0A==
  dependencies:
    semver "^6.3.0"
    vscode-languageserver-protocol "^3.15.0-next.8"

vscode-languageserver-protocol@^3.15.0-next.8:
  version "3.17.5"
  resolved "https://registry.yarnpkg.com/vscode-languageserver-protocol/-/vscode-languageserver-protocol-3.17.5.tgz#864a8b8f390835572f4e13bd9f8313d0e3ac4bea"
  integrity sha512-mb1bvRJN8SVznADSGWM9u/b07H7Ecg0I3OgXDuLdn307rl/J3A9YD6/eYOssqhecL27hK1IPZAsaqh00i/Jljg==
  dependencies:
    vscode-jsonrpc "8.2.0"
    vscode-languageserver-types "3.17.5"

vscode-languageserver-types@3.17.5:
  version "3.17.5"
  resolved "https://registry.yarnpkg.com/vscode-languageserver-types/-/vscode-languageserver-types-3.17.5.tgz#3273676f0cf2eab40b3f44d085acbb7f08a39d8a"
  integrity sha512-Ld1VelNuX9pdF39h2Hgaeb5hEZM2Z3jUrrMgWQAu82jMtZp7p3vJT3BzToKtZI7NgQssZje5o0zryOrhQvzQAg==

vscode-nls@^4.1.2:
  version "4.1.2"
  resolved "https://registry.yarnpkg.com/vscode-nls/-/vscode-nls-4.1.2.tgz#ca8bf8bb82a0987b32801f9fddfdd2fb9fd3c167"
  integrity sha512-7bOHxPsfyuCqmP+hZXscLhiHwe7CSuFE4hyhbs22xPIhQ4jv99FcR4eBzfYYVLP356HNFpdvz63FFb/xw6T4Iw==
