# THIS IS AN AUTOGENERATED FILE. DO NOT EDIT THIS FILE DIRECTLY.
# yarn lockfile v1


"@microsoft/ads-extension-telemetry@3.0.1":
  version "3.0.1"
  resolved "https://registry.yarnpkg.com/@microsoft/ads-extension-telemetry/-/ads-extension-telemetry-3.0.1.tgz#82d4288f8ad96920512ab4edf87d009412e683bb"
  integrity sha512-OsHLKvz4DEZg9THkI+Jk4aINgYv4X3qgbqnVAqY8f9zsWTiR+o4vt/F5w0w3kwpbU3ppRHa03yFTBEjYyGSg1g==
  dependencies:
    "@vscode/extension-telemetry" "0.6.1"

"@vscode/extension-telemetry@0.6.1":
  version "0.6.1"
  resolved "https://registry.yarnpkg.com/@vscode/extension-telemetry/-/extension-telemetry-0.6.1.tgz#f8d1f7145baf932b75077c48107edff48501fc14"
  integrity sha512-Y4Oc8yGURGVF4WhCZcu+EVy+MAIeQDLDVeDlLn59H0C1w+7xr8dL2ZtDBioy+Hog1Edrd6zOwr3Na7xe1iC/UA==

semver@^5.5.0:
  version "5.7.2"
  resolved "https://registry.yarnpkg.com/semver/-/semver-5.7.2.tgz#48d55db737c3287cd4835e17fa13feace1c41ef8"
  integrity sha512-cBznnQ9KjJqU67B52RMC65CMarK2600WFnbkcaiwWq3xy/5haFJlshgnpjovMVJ+Hff49d8GEn0b87C5pDQ10g==

vscode-jsonrpc@^4.0.0:
  version "4.0.0"
  resolved "https://registry.yarnpkg.com/vscode-jsonrpc/-/vscode-jsonrpc-4.0.0.tgz#a7bf74ef3254d0a0c272fab15c82128e378b3be9"
  integrity sha512-perEnXQdQOJMTDFNv+UF3h1Y0z4iSiaN9jIlb0OqIYgosPCZGYh/MCUlkFtV2668PL69lRDO32hmvL2yiidUYg==

vscode-languageclient@5.3.0-next.1:
  version "5.3.0-next.1"
  resolved "https://registry.yarnpkg.com/vscode-languageclient/-/vscode-languageclient-5.3.0-next.1.tgz#b6456c56e3318c8a3fb761f4af3619ae64ca770c"
  integrity sha512-q5o6vHHDi+HjFOFUNC288Dee5jyAO4mEufoOaF2wKCjVP1qoJGbnBalTNGuakJThrdn0RDa0XdHZgXKFyZomCQ==
  dependencies:
    semver "^5.5.0"
    vscode-languageserver-protocol "3.15.0-next.1"

vscode-languageserver-protocol@3.15.0-next.1:
  version "3.15.0-next.1"
  resolved "https://registry.yarnpkg.com/vscode-languageserver-protocol/-/vscode-languageserver-protocol-3.15.0-next.1.tgz#1e45e224d7eef8c79b4bed75b9dcb1930d2ab8ed"
  integrity sha512-LXF0d9s3vxFBxVQ4aKl/XghdEMAncGt3dh4urIYa9Is43g3MfIQL9fC44YZtP+XXOrI2rpZU8lRNN01U1V6CDg==
  dependencies:
    vscode-jsonrpc "^4.0.0"
    vscode-languageserver-types "3.14.0"

vscode-languageserver-types@3.14.0:
  version "3.14.0"
  resolved "https://registry.yarnpkg.com/vscode-languageserver-types/-/vscode-languageserver-types-3.14.0.tgz#d3b5952246d30e5241592b6dde8280e03942e743"
  integrity sha512-lTmS6AlAlMHOvPQemVwo3CezxBp0sNB95KNPkqp3Nxd5VFEnuG1ByM0zlRWos0zjO3ZWtkvhal0COgiV1xIA4A==

vscode-nls@4.1.2:
  version "4.1.2"
  resolved "https://registry.yarnpkg.com/vscode-nls/-/vscode-nls-4.1.2.tgz#ca8bf8bb82a0987b32801f9fddfdd2fb9fd3c167"
  integrity sha512-7bOHxPsfyuCqmP+hZXscLhiHwe7CSuFE4hyhbs22xPIhQ4jv99FcR4eBzfYYVLP356HNFpdvz63FFb/xw6T4Iw==
