# THIS IS AN AUTOGENERATED FILE. DO NOT EDIT THIS FILE DIRECTLY.
# yarn lockfile v1


"@microsoft/ads-extension-telemetry@^3.0.1":
  version "3.0.1"
  resolved "https://registry.yarnpkg.com/@microsoft/ads-extension-telemetry/-/ads-extension-telemetry-3.0.1.tgz#82d4288f8ad96920512ab4edf87d009412e683bb"
  integrity sha512-OsHLKvz4DEZg9THkI+Jk4aINgYv4X3qgbqnVAqY8f9zsWTiR+o4vt/F5w0w3kwpbU3ppRHa03yFTBEjYyGSg1g==
  dependencies:
    "@vscode/extension-telemetry" "0.6.1"

"@vscode/extension-telemetry@0.6.1":
  version "0.6.1"
  resolved "https://registry.yarnpkg.com/@vscode/extension-telemetry/-/extension-telemetry-0.6.1.tgz#f8d1f7145baf932b75077c48107edff48501fc14"
  integrity sha512-Y4Oc8yGURGVF4WhCZcu+EVy+MAIeQDLDVeDlLn59H0C1w+7xr8dL2ZtDBioy+Hog1Edrd6zOwr3Na7xe1iC/UA==

semver@^6.3.0:
  version "6.3.1"
  resolved "https://registry.yarnpkg.com/semver/-/semver-6.3.1.tgz#556d2ef8689146e46dcea4bfdd095f3434dffcb4"
  integrity sha512-BR7VvDCVHO+q2xBEWskxS6DJE1qRnb7DxzUrogb71CWoSficBxYsiAGd+Kl0mmq/MprG9yArRkyrQxTO6XjMzA==

vscode-jsonrpc@^5.0.1:
  version "5.0.1"
  resolved "https://registry.yarnpkg.com/vscode-jsonrpc/-/vscode-jsonrpc-5.0.1.tgz#9bab9c330d89f43fc8c1e8702b5c36e058a01794"
  integrity sha512-JvONPptw3GAQGXlVV2utDcHx0BiY34FupW/kI6mZ5x06ER5DdPG/tXWMVHjTNULF5uKPOUUD0SaXg5QaubJL0A==

vscode-languageclient@^5.3.0-next.1:
  version "5.3.0-next.9"
  resolved "https://registry.yarnpkg.com/vscode-languageclient/-/vscode-languageclient-5.3.0-next.9.tgz#34f58017647f15cd86015f7af45935dc750611f7"
  integrity sha512-BFA3X1y2EI2CfsSBy0KG2Xr5BOYfd/97jTmD+doqL6oj+cY8S7AmRCOwb2f9Hbjq8GWL7YC+OJ0leZEUSPgP0A==
  dependencies:
    semver "^6.3.0"
    vscode-languageserver-protocol "^3.15.0-next.8"

vscode-languageserver-protocol@^3.15.0-next.8:
  version "3.15.3"
  resolved "https://registry.yarnpkg.com/vscode-languageserver-protocol/-/vscode-languageserver-protocol-3.15.3.tgz#3fa9a0702d742cf7883cb6182a6212fcd0a1d8bb"
  integrity sha512-zrMuwHOAQRhjDSnflWdJG+O2ztMWss8GqUUB8dXLR/FPenwkiBNkMIJJYfSN6sgskvsF0rHAoBowNQfbyZnnvw==
  dependencies:
    vscode-jsonrpc "^5.0.1"
    vscode-languageserver-types "3.15.1"

vscode-languageserver-types@3.15.1:
  version "3.15.1"
  resolved "https://registry.yarnpkg.com/vscode-languageserver-types/-/vscode-languageserver-types-3.15.1.tgz#17be71d78d2f6236d414f0001ce1ef4d23e6b6de"
  integrity sha512-+a9MPUQrNGRrGU630OGbYVQ+11iOIovjCkqxajPa9w57Sd5ruK8WQNsslzpa0x/QJqC8kRc2DUxWjIFwoNm4ZQ==

vscode-nls@^4.1.2:
  version "4.1.2"
  resolved "https://registry.yarnpkg.com/vscode-nls/-/vscode-nls-4.1.2.tgz#ca8bf8bb82a0987b32801f9fddfdd2fb9fd3c167"
  integrity sha512-7bOHxPsfyuCqmP+hZXscLhiHwe7CSuFE4hyhbs22xPIhQ4jv99FcR4eBzfYYVLP356HNFpdvz63FFb/xw6T4Iw==
