# THIS IS AN AUTOGENERATED FILE. DO NOT EDIT THIS FILE DIRECTLY.
# yarn lockfile v1


"@types/node@^12.19.9":
  version "12.20.14"
  resolved "https://registry.yarnpkg.com/@types/node/-/node-12.20.14.tgz#9caf7eea0df08b406829889cc015256a6d81ab10"
  integrity sha512-iFJOS5Q470FF+r4Ol2pSley7/wCNVqf+jgjhtxLLaJcDs+To2iCxlXIkJXrGLD9w9G/oJ9ibySu7z92DCwr7Pg==
