# THIS IS AN AUTOGENERATED FILE. DO NOT EDIT THIS FILE DIRECTLY.
# yarn lockfile v1


"@types/azdata@^1.33.0":
  version "1.33.0"
  resolved "https://registry.yarnpkg.com/@types/azdata/-/azdata-1.33.0.tgz#0693e725ec676122d17b8d38bc1226549136b545"
  integrity sha512-Q3HnDTRtnqOsKOWwEC2QtU/7WVbWdPZyWSrcZOuLpP2HWGQISRnAYb8SmD7lg4Fe6Uk+Unt/4oipJmUX/tDx2A==
  dependencies:
    "@types/vscode" "*"

"@types/node@14.x":
  version "14.17.32"
  resolved "https://registry.yarnpkg.com/@types/node/-/node-14.17.32.tgz#2ca61c9ef8c77f6fa1733be9e623ceb0d372ad96"
  integrity sha512-JcII3D5/OapPGx+eJ+Ik1SQGyt6WvuqdRfh9jUwL6/iHGjmyOriBDciBUu7lEIBTL2ijxwrR70WUnw5AEDmFvQ==

"@types/vscode@*", "@types/vscode@^1.61.0":
  version "1.61.0"
  resolved "https://registry.yarnpkg.com/@types/vscode/-/vscode-1.61.0.tgz#c54335b6f84c19c69b1435b17cc0ce3b2cecfeec"
  integrity sha512-9k5Nwq45hkRwdfCFY+eKXeQQSbPoA114mF7U/4uJXRBJeGIO7MuJdhF1PnaDN+lllL9iKGQtd6FFXShBXMNaFg==

typescript@^4.4.0-dev.20210607:
  version "4.4.4"
  resolved "https://registry.yarnpkg.com/typescript/-/typescript-4.4.4.tgz#2cd01a1a1f160704d3101fd5a58ff0f9fcb8030c"
  integrity sha512-DqGhF5IKoBl8WNf8C1gu8q0xZSInh9j1kJJMqT3a94w1JzVaBU4EXOSMrz9yDqMT0xt3selp83fuFMQ0uzv6qA==
