# THIS IS AN AUTOGENERATED FILE. DO NOT EDIT THIS FILE DIRECTLY.
# yarn lockfile v1


"@types/node@^12.11.7":
  version "12.12.7"
  resolved "https://registry.yarnpkg.com/@types/node/-/node-12.12.7.tgz#01e4ea724d9e3bd50d90c11fd5980ba317d8fa11"
  integrity sha512-E6Zn0rffhgd130zbCbAr/JdXfXkoOUFAKNs/rF8qnafSJ8KYaA/j3oz7dcwal+lYjLA7xvdd5J4wdYpCTlP8+w==

agent-base@4:
  version "4.2.1"
  resolved "https://registry.yarnpkg.com/agent-base/-/agent-base-4.2.1.tgz#d89e5999f797875674c07d87f260fc41e83e8ca9"
  integrity sha512-JVwXMr9nHYTUXsBFKUqhJwvlcYU/blreOEUkhNR2eXZIvwd+c+o5V4MgDPKWnMS/56awN3TRzIP+KoPn+roQtg==
  dependencies:
    es6-promisify "^5.0.0"

agent-base@^4.3.0:
  version "4.3.0"
  resolved "https://registry.yarnpkg.com/agent-base/-/agent-base-4.3.0.tgz#8165f01c436009bccad0b1d122f05ed770efc6ee"
  integrity sha512-salcGninV0nPrwpGNn4VTXBb1SOuXQBiqbrNXoeizJsHrsL6ERFM2Ne3JUSBWRE6aeNJI2ROP/WEEIDUiDe3cg==
  dependencies:
    es6-promisify "^5.0.0"

applicationinsights@1.0.1:
  version "1.0.1"
  resolved "https://registry.yarnpkg.com/applicationinsights/-/applicationinsights-1.0.1.tgz#53446b830fe8d5d619eee2a278b31d3d25030927"
  integrity sha1-U0Rrgw/o1dYZ7uKieLMdPSUDCSc=
  dependencies:
    diagnostic-channel "0.2.0"
    diagnostic-channel-publishers "0.2.1"
    zone.js "0.7.6"

async-retry@^1.2.3:
  version "1.2.3"
  resolved "https://registry.yarnpkg.com/async-retry/-/async-retry-1.2.3.tgz#a6521f338358d322b1a0012b79030c6f411d1ce0"
  integrity sha512-tfDb02Th6CE6pJUF2gjW5ZVjsgwlucVXOEQMvEX9JgSJMs9gAX+Nz3xRuJBKuUYjTSYORqvDBORdAQ3LU59g7Q==
  dependencies:
    retry "0.12.0"

buffer-crc32@~0.2.3:
  version "0.2.13"
  resolved "https://registry.yarnpkg.com/buffer-crc32/-/buffer-crc32-0.2.13.tgz#0d333e3f00eac50aa1454abd30ef8c2a5d9a7242"
  integrity sha1-DTM+PwDqxQqhRUq9MO+MKl2ackI=

chownr@^1.1.3:
  version "1.1.4"
  resolved "https://registry.yarnpkg.com/chownr/-/chownr-1.1.4.tgz#6fc9d7b42d32a583596337666e7d08084da2cc6b"
  integrity sha512-jJ0bqzaylmJtVnNgzTeSOs8DPavpbYgEr/b0YL8/2GO3xJEhInFmhKMUnEJQjZumK7KXGFhUy89PrsJWlakBVg==

"dataprotocol-client@github:Microsoft/sqlops-dataprotocolclient#0.3.0":
  version "0.3.0"
  resolved "https://codeload.github.com/Microsoft/sqlops-dataprotocolclient/tar.gz/21487d15a5f753ba885ce1e489abc0af03487544"
  dependencies:
    vscode-languageclient "3.5.1"

debug@3.1.0:
  version "3.1.0"
  resolved "https://registry.yarnpkg.com/debug/-/debug-3.1.0.tgz#5bb5a0672628b64149566ba16819e61518c67261"
  integrity sha512-OX8XqP7/1a9cqkxYw2yXss15f26NKWBpDXQd0/uK/KPqdQhxbPa994hnzjcE2VqQpDslf55723cKPUOGSmMY3g==
  dependencies:
    ms "2.0.0"

debug@^3.1.0:
  version "3.2.6"
  resolved "https://registry.yarnpkg.com/debug/-/debug-3.2.6.tgz#e83d17de16d8a7efb7717edbe5fb10135eee629b"
  integrity sha512-mel+jf7nrtEl5Pn1Qx46zARXKDpBbvzezse7p7LqINmdoIk8PYP5SySaxEmYv6TZ0JyEKA1hsCId6DIhgITtWQ==
  dependencies:
    ms "^2.1.1"

diagnostic-channel-publishers@0.2.1:
  version "0.2.1"
  resolved "https://registry.yarnpkg.com/diagnostic-channel-publishers/-/diagnostic-channel-publishers-0.2.1.tgz#8e2d607a8b6d79fe880b548bc58cc6beb288c4f3"
  integrity sha1-ji1geottef6IC1SLxYzGvrKIxPM=

diagnostic-channel@0.2.0:
  version "0.2.0"
  resolved "https://registry.yarnpkg.com/diagnostic-channel/-/diagnostic-channel-0.2.0.tgz#cc99af9612c23fb1fff13612c72f2cbfaa8d5a17"
  integrity sha1-zJmvlhLCP7H/8TYSxy8sv6qNWhc=
  dependencies:
    semver "^5.3.0"

dom-serializer@0:
  version "0.1.1"
  resolved "https://registry.yarnpkg.com/dom-serializer/-/dom-serializer-0.1.1.tgz#1ec4059e284babed36eec2941d4a970a189ce7c0"
  integrity sha512-l0IU0pPzLWSHBcieZbpOKgkIn3ts3vAh7ZuFyXNwJxJXk/c4Gwj9xaTJwIDVQCXawWD0qb3IzMGH5rglQaO0XA==
  dependencies:
    domelementtype "^1.3.0"
    entities "^1.1.1"

domelementtype@1, domelementtype@^1.3.0, domelementtype@^1.3.1:
  version "1.3.1"
  resolved "https://registry.yarnpkg.com/domelementtype/-/domelementtype-1.3.1.tgz#d048c44b37b0d10a7f2a3d5fee3f4333d790481f"
  integrity sha512-BSKB+TSpMpFI/HOxCNr1O8aMOTZ8hT3pM3GQ0w/mWRmkhEDSFJkkyzz4XQsBV44BChwGkrDfMyjVD0eA2aFV3w==

domhandler@^2.3.0:
  version "2.4.2"
  resolved "https://registry.yarnpkg.com/domhandler/-/domhandler-2.4.2.tgz#8805097e933d65e85546f726d60f5eb88b44f803"
  integrity sha512-JiK04h0Ht5u/80fdLMCEmV4zkNh2BcoMFBmZ/91WtYZ8qVXSKjiw7fXMgFPnHcSZgOo3XdinHvmnDUeMf5R4wA==
  dependencies:
    domelementtype "1"

domutils@^1.5.1:
  version "1.7.0"
  resolved "https://registry.yarnpkg.com/domutils/-/domutils-1.7.0.tgz#56ea341e834e06e6748af7a1cb25da67ea9f8c2a"
  integrity sha512-Lgd2XcJ/NjEw+7tFvfKxOzCYKZsdct5lczQ2ZaQY8Djz7pfAD3Gbp8ySJWtreII/vDlMVmxwa6pHmdxIYgttDg==
  dependencies:
    dom-serializer "0"
    domelementtype "1"

entities@^1.1.1:
  version "1.1.2"
  resolved "https://registry.yarnpkg.com/entities/-/entities-1.1.2.tgz#bdfa735299664dfafd34529ed4f8522a275fea56"
  integrity sha512-f2LZMYl1Fzu7YSBKg+RoROelpOaNrcGmE9AZubeDfrCEia483oW4MI4VyFd5VNHIgQ/7qm1I0wUHK1eJnn2y2w==

es6-promise@^4.0.3:
  version "4.2.5"
  resolved "https://registry.yarnpkg.com/es6-promise/-/es6-promise-4.2.5.tgz#da6d0d5692efb461e082c14817fe2427d8f5d054"
  integrity sha512-n6wvpdE43VFtJq+lUDYDBFUwV8TZbuGXLV4D6wKafg13ldznKsyEvatubnmUe31zcvelSzOHF+XbaT+Bl9ObDg==

es6-promisify@^5.0.0:
  version "5.0.0"
  resolved "https://registry.yarnpkg.com/es6-promisify/-/es6-promisify-5.0.0.tgz#5109d62f3e56ea967c4b63505aef08291c8a5203"
  integrity sha1-UQnWLz5W6pZ8S2NQWu8IKRyKUgM=
  dependencies:
    es6-promise "^4.0.3"

eventemitter2@^5.0.1:
  version "5.0.1"
  resolved "https://registry.yarnpkg.com/eventemitter2/-/eventemitter2-5.0.1.tgz#6197a095d5fb6b57e8942f6fd7eaad63a09c9452"
  integrity sha1-YZegldX7a1folC9v1+qtY6CclFI=

fd-slicer@~1.1.0:
  version "1.1.0"
  resolved "https://registry.yarnpkg.com/fd-slicer/-/fd-slicer-1.1.0.tgz#25c7c89cb1f9077f8891bbe61d8f390eae256f1e"
  integrity sha1-JcfInLH5B3+IkbvmHY85Dq4lbx4=
  dependencies:
    pend "~1.2.0"

fs-minipass@^2.0.0:
  version "2.1.0"
  resolved "https://registry.yarnpkg.com/fs-minipass/-/fs-minipass-2.1.0.tgz#7f5036fdbf12c63c169190cbe4199c852271f9fb"
  integrity sha512-V/JgOLFCS+R6Vcq0slCuaeWEdNC3ouDlJMNIsacH2VtALiu9mV4LPrHc5cDl8k5aw6J8jwgWWpiTo5RYhmIzvg==
  dependencies:
    minipass "^3.0.0"

htmlparser2@^3.10.1:
  version "3.10.1"
  resolved "https://registry.yarnpkg.com/htmlparser2/-/htmlparser2-3.10.1.tgz#bd679dc3f59897b6a34bb10749c855bb53a9392f"
  integrity sha512-IgieNijUMbkDovyoKObU1DUhm1iwNYE/fuifEoEHfd1oZKZDaONBSkal7Y01shxsM49R4XaMdGez3WnF9UfiCQ==
  dependencies:
    domelementtype "^1.3.1"
    domhandler "^2.3.0"
    domutils "^1.5.1"
    entities "^1.1.1"
    inherits "^2.0.1"
    readable-stream "^3.1.1"

http-proxy-agent@^2.1.0:
  version "2.1.0"
  resolved "https://registry.yarnpkg.com/http-proxy-agent/-/http-proxy-agent-2.1.0.tgz#e4821beef5b2142a2026bd73926fe537631c5405"
  integrity sha512-qwHbBLV7WviBl0rQsOzH6o5lwyOIvwp/BdFnvVxXORldu5TmjFfjzBcWUWS5kWAZhmv+JtiDhSuQCp4sBfbIgg==
  dependencies:
    agent-base "4"
    debug "3.1.0"

https-proxy-agent@^2.2.3:
  version "2.2.4"
  resolved "https://registry.yarnpkg.com/https-proxy-agent/-/https-proxy-agent-2.2.4.tgz#4ee7a737abd92678a293d9b34a1af4d0d08c787b"
  integrity sha512-OmvfoQ53WLjtA9HeYP9RNrWMJzzAz1JGaSFr1nijg0PVR1JaD/xbJq1mdEIIlxGpXp9eSe/O2LgU9DJmTPd0Eg==
  dependencies:
    agent-base "^4.3.0"
    debug "^3.1.0"

inherits@^2.0.1, inherits@^2.0.3:
  version "2.0.3"
  resolved "https://registry.yarnpkg.com/inherits/-/inherits-2.0.3.tgz#633c2c83e3da42a502f52466022480f4208261de"
  integrity sha1-Yzwsg+PaQqUC9SRmAiSA9CCCYd4=

minimist@0.0.8:
  version "0.0.8"
  resolved "https://registry.yarnpkg.com/minimist/-/minimist-0.0.8.tgz#857fcabfc3397d2625b8228262e86aa7a011b05d"
  integrity sha1-hX/Kv8M5fSYluCKCYuhqp6ARsF0=

minipass@^3.0.0:
  version "3.1.1"
  resolved "https://registry.yarnpkg.com/minipass/-/minipass-3.1.1.tgz#7607ce778472a185ad6d89082aa2070f79cedcd5"
  integrity sha512-UFqVihv6PQgwj8/yTGvl9kPz7xIAY+R5z6XYjRInD3Gk3qx6QGSD6zEcpeG4Dy/lQnv1J6zv8ejV90hyYIKf3w==
  dependencies:
    yallist "^4.0.0"

minizlib@^2.1.0:
  version "2.1.0"
  resolved "https://registry.yarnpkg.com/minizlib/-/minizlib-2.1.0.tgz#fd52c645301ef09a63a2c209697c294c6ce02cf3"
  integrity sha512-EzTZN/fjSvifSX0SlqUERCN39o6T40AMarPbv0MrarSFtIITCBh7bi+dU8nxGFHuqs9jdIAeoYoKuQAAASsPPA==
  dependencies:
    minipass "^3.0.0"
    yallist "^4.0.0"

mkdirp@^0.5.1:
  version "0.5.1"
  resolved "https://registry.yarnpkg.com/mkdirp/-/mkdirp-0.5.1.tgz#30057438eac6cf7f8c4767f38648d6697d75c903"
  integrity sha1-MAV0OOrGz3+MR2fzhkjWaX11yQM=
  dependencies:
    minimist "0.0.8"

mkdirp@^1.0.3:
  version "1.0.3"
  resolved "https://registry.yarnpkg.com/mkdirp/-/mkdirp-1.0.3.tgz#4cf2e30ad45959dddea53ad97d518b6c8205e1ea"
  integrity sha512-6uCP4Qc0sWsgMLy1EOqqS/3rjDHOEnsStVr/4vtAIK2Y5i2kA7lFFejYrpIyiN9w0pYf4ckeCYT9f1r1P9KX5g==

ms@2.0.0:
  version "2.0.0"
  resolved "https://registry.yarnpkg.com/ms/-/ms-2.0.0.tgz#5608aeadfc00be6c2901df5f9861788de0d597c8"
  integrity sha1-VgiurfwAvmwpAd9fmGF4jeDVl8g=

ms@^2.1.1:
  version "2.1.1"
  resolved "https://registry.yarnpkg.com/ms/-/ms-2.1.1.tgz#30a5864eb3ebb0a66f2ebe6d727af06a09d86e0a"
  integrity sha512-tgp+dl5cGk28utYktBsrFqA7HKgrhgPsg6Z/EfhWI4gl1Hwq8B/GmY/0oXZ6nF8hDVesS/FpnYaD/kOWhYQvyg==

os-tmpdir@~1.0.2:
  version "1.0.2"
  resolved "https://registry.yarnpkg.com/os-tmpdir/-/os-tmpdir-1.0.2.tgz#bbe67406c79aa85c5cfec766fe5734555dfa1274"
  integrity sha1-u+Z0BseaqFxc/sdm/lc0VV36EnQ=

pend@~1.2.0:
  version "1.2.0"
  resolved "https://registry.yarnpkg.com/pend/-/pend-1.2.0.tgz#7a57eb550a6783f9115331fcf4663d5c8e007a50"
  integrity sha1-elfrVQpng/kRUzH89GY9XI4AelA=

readable-stream@^3.1.1:
  version "3.1.1"
  resolved "https://registry.yarnpkg.com/readable-stream/-/readable-stream-3.1.1.tgz#ed6bbc6c5ba58b090039ff18ce670515795aeb06"
  integrity sha512-DkN66hPyqDhnIQ6Jcsvx9bFjhw214O4poMBcIMgPVpQvNy9a0e0Uhg5SqySyDKAmUlwt8LonTBz1ezOnM8pUdA==
  dependencies:
    inherits "^2.0.3"
    string_decoder "^1.1.1"
    util-deprecate "^1.0.1"

retry@0.12.0:
  version "0.12.0"
  resolved "https://registry.yarnpkg.com/retry/-/retry-0.12.0.tgz#1b42a6266a21f07421d1b0b54b7dc167b01c013b"
  integrity sha1-G0KmJmoh8HQh0bC1S33BZ7AcATs=

safe-buffer@~5.1.0:
  version "5.1.2"
  resolved "https://registry.yarnpkg.com/safe-buffer/-/safe-buffer-5.1.2.tgz#991ec69d296e0313747d59bdfd2b745c35f8828d"
  integrity sha512-Gd2UZBJDkXlY7GbJxfsE8/nvKkUEU1G38c1siN6QP6a9PT9MmHB8GnpscSmMJSoF8LOIrt8ud/wPtojys4G6+g==

semver@^5.3.0:
  version "5.6.0"
  resolved "https://registry.yarnpkg.com/semver/-/semver-5.6.0.tgz#7e74256fbaa49c75aa7c7a205cc22799cac80004"
  integrity sha512-RS9R6R35NYgQn++fkDWaOmqGoj4Ek9gGs+DPxNUZKuwE183xjJroKvyo1IzVFeXvUrvmALy6FWD5xrdJT25gMg==

service-downloader@0.2.1:
  version "0.2.1"
  resolved "https://registry.yarnpkg.com/service-downloader/-/service-downloader-0.2.1.tgz#8bd756bc4bc0cbfdf04fe71d4337f19ce6196203"
  integrity sha512-5IEy2nyMJj/f41pI65b8RMeJyCecGNrMmNCpUW8hckZ9cBMyX+VCp8GjYoM6Mz/X0XSaGVz7V5gtCWjfeJI7gA==
  dependencies:
    async-retry "^1.2.3"
    eventemitter2 "^5.0.1"
    http-proxy-agent "^2.1.0"
    https-proxy-agent "^2.2.3"
    mkdirp "^0.5.1"
    tar "^6.0.1"
    tmp "^0.0.33"
    yauzl "^2.10.0"

string_decoder@^1.1.1:
  version "1.2.0"
  resolved "https://registry.yarnpkg.com/string_decoder/-/string_decoder-1.2.0.tgz#fe86e738b19544afe70469243b2a1ee9240eae8d"
  integrity sha512-6YqyX6ZWEYguAxgZzHGL7SsCeGx3V2TtOTqZz1xSTSWnqsbWwbptafNyvf/ACquZUXV3DANr5BDIwNYe1mN42w==
  dependencies:
    safe-buffer "~5.1.0"

tar@^6.0.1:
  version "6.0.1"
  resolved "https://registry.yarnpkg.com/tar/-/tar-6.0.1.tgz#7b3bd6c313cb6e0153770108f8d70ac298607efa"
  integrity sha512-bKhKrrz2FJJj5s7wynxy/fyxpE0CmCjmOQ1KV4KkgXFWOgoIT/NbTMnB1n+LFNrNk0SSBVGGxcK5AGsyC+pW5Q==
  dependencies:
    chownr "^1.1.3"
    fs-minipass "^2.0.0"
    minipass "^3.0.0"
    minizlib "^2.1.0"
    mkdirp "^1.0.3"
    yallist "^4.0.0"

tmp@^0.0.33:
  version "0.0.33"
  resolved "https://registry.yarnpkg.com/tmp/-/tmp-0.0.33.tgz#6d34335889768d21b2bcda0aa277ced3b1bfadf9"
  integrity sha512-jRCJlojKnZ3addtTOjdIqoRuPEKBvNXcGYqzO6zWZX8KfKEpnGY5jfggJQ3EjKuu8D4bJRr0y+cYJFmYbImXGw==
  dependencies:
    os-tmpdir "~1.0.2"

util-deprecate@^1.0.1:
  version "1.0.2"
  resolved "https://registry.yarnpkg.com/util-deprecate/-/util-deprecate-1.0.2.tgz#450d4dc9fa70de732762fbd2d4a28981419a0ccf"
  integrity sha1-RQ1Nyfpw3nMnYvvS1KKJgUGaDM8=

vscode-extension-telemetry@0.0.18:
  version "0.0.18"
  resolved "https://registry.yarnpkg.com/vscode-extension-telemetry/-/vscode-extension-telemetry-0.0.18.tgz#602ba20d8c71453aa34533a291e7638f6e5c0327"
  integrity sha512-Vw3Sr+dZwl+c6PlsUwrTtCOJkgrmvS3OUVDQGcmpXWAgq9xGq6as0K4pUx+aGqTjzLAESmWSrs6HlJm6J6Khcg==
  dependencies:
    applicationinsights "1.0.1"

vscode-jsonrpc@3.5.0:
  version "3.5.0"
  resolved "https://registry.yarnpkg.com/vscode-jsonrpc/-/vscode-jsonrpc-3.5.0.tgz#87239d9e166b2d7352245b8a813597804c1d63aa"
  integrity sha1-hyOdnhZrLXNSJFuKgTWXgEwdY6o=

vscode-languageclient@3.5.1:
  version "3.5.1"
  resolved "https://registry.yarnpkg.com/vscode-languageclient/-/vscode-languageclient-3.5.1.tgz#c78e582459c24e58f88020dfa34065e976186a98"
  integrity sha512-GTQ+hSq/o4c/y6GYmyP9XNrVoIu0NFZ67KltSkqN+tO0eUNDIlrVNX+3DJzzyLhSsrctuGzuYWm3t87mNAcBmQ==
  dependencies:
    vscode-languageserver-protocol "3.5.1"

vscode-languageserver-protocol@3.5.1:
  version "3.5.1"
  resolved "https://registry.yarnpkg.com/vscode-languageserver-protocol/-/vscode-languageserver-protocol-3.5.1.tgz#5144a3a9eeccbd83fe2745bd4ed75fad6cc45f0d"
  integrity sha512-1fPDIwsAv1difCV+8daOrJEGunClNJWqnUHq/ncWrjhitKWXgGmRCjlwZ3gDUTt54yRcvXz1PXJDaRNvNH6pYA==
  dependencies:
    vscode-jsonrpc "3.5.0"
    vscode-languageserver-types "3.5.0"

vscode-languageserver-types@3.5.0:
  version "3.5.0"
  resolved "https://registry.yarnpkg.com/vscode-languageserver-types/-/vscode-languageserver-types-3.5.0.tgz#e48d79962f0b8e02de955e3f524908e2b19c0374"
  integrity sha1-5I15li8LjgLelV4/UkkI4rGcA3Q=

vscode-nls@^3.2.1:
  version "3.2.5"
  resolved "https://registry.yarnpkg.com/vscode-nls/-/vscode-nls-3.2.5.tgz#25520c1955108036dec607c85e00a522f247f1a4"
  integrity sha512-ITtoh3V4AkWXMmp3TB97vsMaHRgHhsSFPsUdzlueSL+dRZbSNTZeOmdQv60kjCV306ghPxhDeoNUEm3+EZMuyw==

yallist@^4.0.0:
  version "4.0.0"
  resolved "https://registry.yarnpkg.com/yallist/-/yallist-4.0.0.tgz#9bb92790d9c0effec63be73519e11a35019a3a72"
  integrity sha512-3wdGidZyq5PB084XLES5TpOSRA3wjXAlIWMhum2kRcv/41Sn2emQ0dycQW4uZXLejwKvg6EsvbdlVL+FYEct7A==

yauzl@^2.10.0:
  version "2.10.0"
  resolved "https://registry.yarnpkg.com/yauzl/-/yauzl-2.10.0.tgz#c7eb17c93e112cb1086fa6d8e51fb0667b79a5f9"
  integrity sha1-x+sXyT4RLLEIb6bY5R+wZnt5pfk=
  dependencies:
    buffer-crc32 "~0.2.3"
    fd-slicer "~1.1.0"

zone.js@0.7.6:
  version "0.7.6"
  resolved "https://registry.yarnpkg.com/zone.js/-/zone.js-0.7.6.tgz#fbbc39d3e0261d0986f1ba06306eb3aeb0d22009"
  integrity sha1-+7w50+AmHQmG8boGMG6zrrDSIAk=
