# THIS IS AN AUTOGENERATED FILE. DO NOT EDIT THIS FILE DIRECTLY.
# yarn lockfile v1


"@microsoft/ads-extension-telemetry@^1.3.4":
  version "1.3.4"
  resolved "https://registry.yarnpkg.com/@microsoft/ads-extension-telemetry/-/ads-extension-telemetry-1.3.4.tgz#25d34cff39171a79663816faa6ba889e07dfb5ab"
  integrity sha512-XTkMUA4BsTVNETjrKE4M3xaXlmk7m93Xy/eQHxHhzf8POjtPTvlw+8i96W8lTiRPnN81yAVE7YOB3GExsur6RA==
  dependencies:
    "@vscode/extension-telemetry" "0.6.1"

"@types/uuid@^8.3.1":
  version "8.3.1"
  resolved "https://registry.yarnpkg.com/@types/uuid/-/uuid-8.3.1.tgz#1a32969cf8f0364b3d8c8af9cc3555b7805df14f"
  integrity sha512-Y2mHTRAbqfFkpjldbkHGY8JIzRN6XqYRliG8/24FcHm2D2PwW24fl5xMRTVGdrb7iMrwCaIEbLWerGIkXuFWVg==

"@vscode/extension-telemetry@0.6.1":
  version "0.6.1"
  resolved "https://registry.yarnpkg.com/@vscode/extension-telemetry/-/extension-telemetry-0.6.1.tgz#f8d1f7145baf932b75077c48107edff48501fc14"
  integrity sha512-Y4Oc8yGURGVF4WhCZcu+EVy+MAIeQDLDVeDlLn59H0C1w+7xr8dL2ZtDBioy+Hog1Edrd6zOwr3Na7xe1iC/UA==

uuid@^8.3.2:
  version "8.3.2"
  resolved "https://registry.yarnpkg.com/uuid/-/uuid-8.3.2.tgz#80d5b5ced271bb9af6c445f21a1a04c606cefbe2"
  integrity sha512-+NYs2QeMWy+GWFOEm9xnn6HCDp0l7QBD7ml8zLUmJ+93Q5NF0NocErnwkTkXVFNiX3/fpC6afS8Dhb/gz7R7eg==

vscode-nls@^4.1.2:
  version "4.1.2"
  resolved "https://registry.yarnpkg.com/vscode-nls/-/vscode-nls-4.1.2.tgz#ca8bf8bb82a0987b32801f9fddfdd2fb9fd3c167"
  integrity sha512-7bOHxPsfyuCqmP+hZXscLhiHwe7CSuFE4hyhbs22xPIhQ4jv99FcR4eBzfYYVLP356HNFpdvz63FFb/xw6T4Iw==
