# THIS IS AN AUTOGENERATED FILE. DO NOT EDIT THIS FILE DIRECTLY.
# yarn lockfile v1


"@types/markdown-it@0.0.0":
  version "0.0.0"
  resolved "https://registry.yarnpkg.com/@types/markdown-it/-/markdown-it-0.0.0.tgz#8f6acaa5e3245e275f684e95deb3e518d1c6ab16"
  integrity sha512-rLEOTm6Wi9M8GFnIK7VczXSEThIN/eVoevpTYVk+FD/DPX3N15Sj9b3vkjjDY63U0Zw1yawf13CI92CCHpC5kw==

"@types/vscode-notebook-renderer@1.60.0":
  version "1.60.0"
  resolved "https://registry.yarnpkg.com/@types/vscode-notebook-renderer/-/vscode-notebook-renderer-1.60.0.tgz#8a67d561f48ddf46a95dfa9f712a79c72c7b8f7a"
  integrity sha512-u7TD2uuEZTVuitx0iijOJdKI0JLiQP6PsSBSRy2XmHXUOXcp5p1S56NrjOEDoF+PIHd3NL3eO6KTRSf5nukDqQ==

"@vscode/markdown-it-katex@1.0.0":
  version "1.0.0"
  resolved "https://registry.yarnpkg.com/@vscode/markdown-it-katex/-/markdown-it-katex-1.0.0.tgz#c0b35df95be90f79ed92c8bae77a764e96dde5c4"
  integrity sha512-J0jtR3iI1VTSX1fadhNRB6vQUh792+5D7TW6XhJuktgG9+4ZXtWHwFOttvQVw7XKMB7RiPBdGV4cLzEuYV6bSg==
  dependencies:
    katex "^0.16.2"

commander@^8.3.0:
  version "8.3.0"
  resolved "https://registry.yarnpkg.com/commander/-/commander-8.3.0.tgz#4837ea1b2da67b9c616a67afbb0fafee567bca66"
  integrity sha512-OkTL9umf+He2DZkUq8f8J9of7yL6RJKI24dVITBmNfZBmri9zYZQrKkuXiKhyfPSu8tUhnVBB1iKXevvnlR4Ww==

katex@^0.16.2:
  version "0.16.22"
  resolved "https://registry.yarnpkg.com/katex/-/katex-0.16.22.tgz#d2b3d66464b1e6d69e6463b28a86ced5a02c5ccd"
  integrity sha512-XCHRdUw4lf3SKBaJe4EvgqIuWwkPSo9XoeO8GjQW94Bp7TWv9hNhzZjZ+OH9yf1UmLygb7DIT5GSFQiyt16zYg==
  dependencies:
    commander "^8.3.0"
