# THIS IS AN AUTOGENERATED FILE. DO NOT EDIT THIS FILE DIRECTLY.
# yarn lockfile v1


"@types/node@20.x":
  version "20.16.10"
  resolved "https://registry.yarnpkg.com/@types/node/-/node-20.16.10.tgz#0cc3fdd3daf114a4776f54ba19726a01c907ef71"
  integrity sha512-vQUKgWTjEIRFCvK6CyriPH3MZYiYlNy0fKiEYHWbcoWLEgs4opurGGKlebrTLqdSMIbXImH6XExNiIyNUv3WpA==
  dependencies:
    undici-types "~6.19.2"

undici-types@~6.19.2:
  version "6.19.8"
  resolved "https://registry.yarnpkg.com/undici-types/-/undici-types-6.19.8.tgz#35111c9d1437ab83a7cdc0abae2f26d88eda0a02"
  integrity sha512-ve2KP6f/JnbPBFyobGHuerC9g1FYGn/F8n1LWTwNxCEzd6IfqTwUQcNXgEtmmQ6DlRrC1hrSrBnCZPokRrDHjw==
