# THIS IS AN AUTOGENERATED FILE. DO NOT EDIT THIS FILE DIRECTLY.
# yarn lockfile v1


vscode-nls@^3.2.1:
  version "3.2.5"
  resolved "https://registry.yarnpkg.com/vscode-nls/-/vscode-nls-3.2.5.tgz#25520c1955108036dec607c85e00a522f247f1a4"
  integrity sha512-ITtoh3V4AkWXMmp3TB97vsMaHRgHhsSFPsUdzlueSL+dRZbSNTZeOmdQv60kjCV306ghPxhDeoNUEm3+EZMuyw==
