# THIS IS AN AUTOGENERATED FILE. DO NOT EDIT THIS FILE DIRECTLY.
# yarn lockfile v1


"@types/node@^12.11.7":
  version "12.12.20"
  resolved "https://registry.yarnpkg.com/@types/node/-/node-12.12.20.tgz#7b693038ce661fe57a7ffa4679440b5e7c5e8b99"
  integrity sha512-VAe+DiwpnC/g448uN+/3gRl4th0BTdrR9gSLIOHA+SUQskaYZQDOHG7xmjiE7JUhjbXnbXytf6Ih+/pA6CtMFQ==
